// !$*UTF8*$!
{
	archiveVersion = 1;
	classes = {
	};
	objectVersion = 50;
	objects = {

/* Begin PBXBuildFile section */
		3110BC3624879E5D00049379 /* AnimatedStickerFrame.swift in Sources */ = {isa = PBXBuildFile; fileRef = 3110BC3524879E5D00049379 /* AnimatedStickerFrame.swift */; };
		31174C80248247ED002B1F9E /* LottieInstance.h in Headers */ = {isa = PBXBuildFile; fileRef = 31FB1AA12482349E005B2D17 /* LottieInstance.h */; settings = {ATTRIBUTES = (Public, ); }; };
		31174C8124824835002B1F9E /* libc++.tbd in Frameworks */ = {isa = PBXBuildFile; fileRef = 31FB1CED24823665005B2D17 /* libc++.tbd */; };
		31174C8324824872002B1F9E /* CoreServices.framework in Frameworks */ = {isa = PBXBuildFile; fileRef = 31174C8224824872002B1F9E /* CoreServices.framework */; };
		31174C8624824950002B1F9E /* ManagedFile.swift in Sources */ = {isa = PBXBuildFile; fileRef = 31174C8424824950002B1F9E /* ManagedFile.swift */; };
		31174C8724824950002B1F9E /* StickerUtil.swift in Sources */ = {isa = PBXBuildFile; fileRef = 31174C8524824950002B1F9E /* StickerUtil.swift */; };
		31174C8924824C67002B1F9E /* stickers in Resources */ = {isa = PBXBuildFile; fileRef = 31174C8824824C67002B1F9E /* stickers */; };
		31174C8B24825127002B1F9E /* TGSCachedDataSource.swift in Sources */ = {isa = PBXBuildFile; fileRef = 31174C8A24825127002B1F9E /* TGSCachedDataSource.swift */; };
		319C4E2C248601FC000C8BD1 /* Util.swift in Sources */ = {isa = PBXBuildFile; fileRef = 319C4E2B248601FC000C8BD1 /* Util.swift */; };
		319C4E2E24860C18000C8BD1 /* GifDataSource.swift in Sources */ = {isa = PBXBuildFile; fileRef = 319C4E2D24860C18000C8BD1 /* GifDataSource.swift */; };
		31C81F4E248259EC003C9E33 /* ResourceManager.swift in Sources */ = {isa = PBXBuildFile; fileRef = 31C81F4D248259EC003C9E33 /* ResourceManager.swift */; };
		31FB1A68248204E5005B2D17 /* AppDelegate.swift in Sources */ = {isa = PBXBuildFile; fileRef = 31FB1A67248204E5005B2D17 /* AppDelegate.swift */; };
		31FB1A6A248204E5005B2D17 /* ViewController.swift in Sources */ = {isa = PBXBuildFile; fileRef = 31FB1A69248204E5005B2D17 /* ViewController.swift */; };
		31FB1A6D248204E5005B2D17 /* Main.storyboard in Resources */ = {isa = PBXBuildFile; fileRef = 31FB1A6B248204E5005B2D17 /* Main.storyboard */; };
		31FB1A6F248204E7005B2D17 /* Assets.xcassets in Resources */ = {isa = PBXBuildFile; fileRef = 31FB1A6E248204E7005B2D17 /* Assets.xcassets */; };
		31FB1A72248204E7005B2D17 /* LaunchScreen.storyboard in Resources */ = {isa = PBXBuildFile; fileRef = 31FB1A70248204E7005B2D17 /* LaunchScreen.storyboard */; };
		31FB1A7A248204FD005B2D17 /* AnimatedView.swift in Sources */ = {isa = PBXBuildFile; fileRef = 31FB1A79248204FC005B2D17 /* AnimatedView.swift */; };
		31FB1A7D24820901005B2D17 /* test.gif in Resources */ = {isa = PBXBuildFile; fileRef = 31FB1A7C24820901005B2D17 /* test.gif */; };
		31FB1A7F24820B53005B2D17 /* GifDecoder.swift in Sources */ = {isa = PBXBuildFile; fileRef = 31FB1A7E24820B53005B2D17 /* GifDecoder.swift */; };
		31FB1A8124820EB6005B2D17 /* ListViewController.swift in Sources */ = {isa = PBXBuildFile; fileRef = 31FB1A8024820EB6005B2D17 /* ListViewController.swift */; };
		31FB1A8A248233CC005B2D17 /* YUV.m in Sources */ = {isa = PBXBuildFile; fileRef = 31FB1A89248233CC005B2D17 /* YUV.m */; };
		31FB1A8D248233F4005B2D17 /* GZip.m in Sources */ = {isa = PBXBuildFile; fileRef = 31FB1A8B248233F4005B2D17 /* GZip.m */; };
		31FB1A972482346F005B2D17 /* RLottieBinding.h in Headers */ = {isa = PBXBuildFile; fileRef = 31FB1A952482346F005B2D17 /* RLottieBinding.h */; settings = {ATTRIBUTES = (Public, ); }; };
		31FB1AA32482349E005B2D17 /* LottieInstance.mm in Sources */ = {isa = PBXBuildFile; fileRef = 31FB1AA02482349E005B2D17 /* LottieInstance.mm */; };
		31FB1BDE248234E4005B2D17 /* rlottiecommon.h in Headers */ = {isa = PBXBuildFile; fileRef = 31FB1AB4248234E3005B2D17 /* rlottiecommon.h */; };
		31FB1BE0248234E4005B2D17 /* rlottie.h in Headers */ = {isa = PBXBuildFile; fileRef = 31FB1AB6248234E3005B2D17 /* rlottie.h */; };
		31FB1BE1248234E4005B2D17 /* rlottie_capi.h in Headers */ = {isa = PBXBuildFile; fileRef = 31FB1AB7248234E3005B2D17 /* rlottie_capi.h */; };
		31FB1C77248234E4005B2D17 /* lottiemodel.cpp in Sources */ = {isa = PBXBuildFile; fileRef = 31FB1B59248234E3005B2D17 /* lottiemodel.cpp */; };
		31FB1C78248234E4005B2D17 /* lottieitem.cpp in Sources */ = {isa = PBXBuildFile; fileRef = 31FB1B5A248234E3005B2D17 /* lottieitem.cpp */; };
		31FB1C7A248234E4005B2D17 /* lottieanimation.cpp in Sources */ = {isa = PBXBuildFile; fileRef = 31FB1B5C248234E3005B2D17 /* lottieanimation.cpp */; };
		31FB1C7B248234E4005B2D17 /* lottiekeypath.cpp in Sources */ = {isa = PBXBuildFile; fileRef = 31FB1B5D248234E3005B2D17 /* lottiekeypath.cpp */; };
		31FB1C7C248234E4005B2D17 /* lottieparser.h in Headers */ = {isa = PBXBuildFile; fileRef = 31FB1B5E248234E3005B2D17 /* lottieparser.h */; };
		31FB1C7D248234E4005B2D17 /* lottieparser.cpp in Sources */ = {isa = PBXBuildFile; fileRef = 31FB1B5F248234E3005B2D17 /* lottieparser.cpp */; };
		31FB1C7E248234E4005B2D17 /* lottieloader.cpp in Sources */ = {isa = PBXBuildFile; fileRef = 31FB1B60248234E3005B2D17 /* lottieloader.cpp */; };
		31FB1C7F248234E4005B2D17 /* lottieitem.h in Headers */ = {isa = PBXBuildFile; fileRef = 31FB1B61248234E3005B2D17 /* lottieitem.h */; };
		31FB1C80248234E4005B2D17 /* lottiekeypath.h in Headers */ = {isa = PBXBuildFile; fileRef = 31FB1B62248234E3005B2D17 /* lottiekeypath.h */; };
		31FB1C82248234E4005B2D17 /* lottieproxymodel.cpp in Sources */ = {isa = PBXBuildFile; fileRef = 31FB1B64248234E3005B2D17 /* lottieproxymodel.cpp */; };
		31FB1C83248234E4005B2D17 /* fwd.h in Headers */ = {isa = PBXBuildFile; fileRef = 31FB1B66248234E3005B2D17 /* fwd.h */; };
		31FB1C84248234E4005B2D17 /* memorystream.h in Headers */ = {isa = PBXBuildFile; fileRef = 31FB1B67248234E3005B2D17 /* memorystream.h */; };
		31FB1C85248234E4005B2D17 /* reader.h in Headers */ = {isa = PBXBuildFile; fileRef = 31FB1B68248234E3005B2D17 /* reader.h */; };
		31FB1C86248234E4005B2D17 /* prettywriter.h in Headers */ = {isa = PBXBuildFile; fileRef = 31FB1B69248234E3005B2D17 /* prettywriter.h */; };
		31FB1C87248234E4005B2D17 /* ostreamwrapper.h in Headers */ = {isa = PBXBuildFile; fileRef = 31FB1B6A248234E3005B2D17 /* ostreamwrapper.h */; };
		31FB1C88248234E4005B2D17 /* encodedstream.h in Headers */ = {isa = PBXBuildFile; fileRef = 31FB1B6B248234E3005B2D17 /* encodedstream.h */; };
		31FB1C89248234E4005B2D17 /* filereadstream.h in Headers */ = {isa = PBXBuildFile; fileRef = 31FB1B6C248234E3005B2D17 /* filereadstream.h */; };
		31FB1C8A248234E4005B2D17 /* cursorstreamwrapper.h in Headers */ = {isa = PBXBuildFile; fileRef = 31FB1B6D248234E3005B2D17 /* cursorstreamwrapper.h */; };
		31FB1C8B248234E4005B2D17 /* istreamwrapper.h in Headers */ = {isa = PBXBuildFile; fileRef = 31FB1B6E248234E3005B2D17 /* istreamwrapper.h */; };
		31FB1C8C248234E4005B2D17 /* stringbuffer.h in Headers */ = {isa = PBXBuildFile; fileRef = 31FB1B6F248234E3005B2D17 /* stringbuffer.h */; };
		31FB1C8D248234E4005B2D17 /* ieee754.h in Headers */ = {isa = PBXBuildFile; fileRef = 31FB1B71248234E3005B2D17 /* ieee754.h */; };
		31FB1C8E248234E4005B2D17 /* strtod.h in Headers */ = {isa = PBXBuildFile; fileRef = 31FB1B72248234E3005B2D17 /* strtod.h */; };
		31FB1C8F248234E4005B2D17 /* swap.h in Headers */ = {isa = PBXBuildFile; fileRef = 31FB1B73248234E3005B2D17 /* swap.h */; };
		31FB1C90248234E4005B2D17 /* regex.h in Headers */ = {isa = PBXBuildFile; fileRef = 31FB1B74248234E3005B2D17 /* regex.h */; };
		31FB1C91248234E4005B2D17 /* diyfp.h in Headers */ = {isa = PBXBuildFile; fileRef = 31FB1B75248234E3005B2D17 /* diyfp.h */; };
		31FB1C92248234E4005B2D17 /* biginteger.h in Headers */ = {isa = PBXBuildFile; fileRef = 31FB1B76248234E3005B2D17 /* biginteger.h */; };
		31FB1C93248234E4005B2D17 /* strfunc.h in Headers */ = {isa = PBXBuildFile; fileRef = 31FB1B77248234E3005B2D17 /* strfunc.h */; };
		31FB1C94248234E4005B2D17 /* itoa.h in Headers */ = {isa = PBXBuildFile; fileRef = 31FB1B78248234E3005B2D17 /* itoa.h */; };
		31FB1C95248234E4005B2D17 /* stack.h in Headers */ = {isa = PBXBuildFile; fileRef = 31FB1B79248234E3005B2D17 /* stack.h */; };
		31FB1C96248234E4005B2D17 /* dtoa.h in Headers */ = {isa = PBXBuildFile; fileRef = 31FB1B7A248234E3005B2D17 /* dtoa.h */; };
		31FB1C97248234E4005B2D17 /* meta.h in Headers */ = {isa = PBXBuildFile; fileRef = 31FB1B7B248234E3005B2D17 /* meta.h */; };
		31FB1C98248234E4005B2D17 /* pow10.h in Headers */ = {isa = PBXBuildFile; fileRef = 31FB1B7C248234E3005B2D17 /* pow10.h */; };
		31FB1C99248234E4005B2D17 /* encodings.h in Headers */ = {isa = PBXBuildFile; fileRef = 31FB1B7D248234E3005B2D17 /* encodings.h */; };
		31FB1C9A248234E4005B2D17 /* schema.h in Headers */ = {isa = PBXBuildFile; fileRef = 31FB1B7E248234E3005B2D17 /* schema.h */; };
		31FB1C9B248234E4005B2D17 /* stream.h in Headers */ = {isa = PBXBuildFile; fileRef = 31FB1B7F248234E3005B2D17 /* stream.h */; };
		31FB1C9C248234E4005B2D17 /* filewritestream.h in Headers */ = {isa = PBXBuildFile; fileRef = 31FB1B80248234E3005B2D17 /* filewritestream.h */; };
		31FB1C9D248234E4005B2D17 /* rapidjson.h in Headers */ = {isa = PBXBuildFile; fileRef = 31FB1B81248234E3005B2D17 /* rapidjson.h */; };
		31FB1C9E248234E4005B2D17 /* document.h in Headers */ = {isa = PBXBuildFile; fileRef = 31FB1B82248234E3005B2D17 /* document.h */; };
		31FB1C9F248234E4005B2D17 /* allocators.h in Headers */ = {isa = PBXBuildFile; fileRef = 31FB1B83248234E3005B2D17 /* allocators.h */; };
		31FB1CA0248234E4005B2D17 /* writer.h in Headers */ = {isa = PBXBuildFile; fileRef = 31FB1B84248234E3005B2D17 /* writer.h */; };
		31FB1CA1248234E4005B2D17 /* error.h in Headers */ = {isa = PBXBuildFile; fileRef = 31FB1B86248234E3005B2D17 /* error.h */; };
		31FB1CA2248234E4005B2D17 /* en.h in Headers */ = {isa = PBXBuildFile; fileRef = 31FB1B87248234E3005B2D17 /* en.h */; };
		31FB1CA3248234E4005B2D17 /* memorybuffer.h in Headers */ = {isa = PBXBuildFile; fileRef = 31FB1B88248234E3005B2D17 /* memorybuffer.h */; };
		31FB1CA4248234E4005B2D17 /* pointer.h in Headers */ = {isa = PBXBuildFile; fileRef = 31FB1B89248234E3005B2D17 /* pointer.h */; };
		31FB1CA7248234E4005B2D17 /* lottieproxymodel.h in Headers */ = {isa = PBXBuildFile; fileRef = 31FB1B8D248234E3005B2D17 /* lottieproxymodel.h */; };
		31FB1CA8248234E4005B2D17 /* lottiemodel.h in Headers */ = {isa = PBXBuildFile; fileRef = 31FB1B8E248234E3005B2D17 /* lottiemodel.h */; };
		31FB1CA9248234E4005B2D17 /* lottieloader.h in Headers */ = {isa = PBXBuildFile; fileRef = 31FB1B8F248234E3005B2D17 /* lottieloader.h */; };
		31FB1CAA248234E4005B2D17 /* vdasher.h in Headers */ = {isa = PBXBuildFile; fileRef = 31FB1B91248234E3005B2D17 /* vdasher.h */; };
		31FB1CAB248234E4005B2D17 /* vrle.h in Headers */ = {isa = PBXBuildFile; fileRef = 31FB1B92248234E3005B2D17 /* vrle.h */; };
		31FB1CAC248234E4005B2D17 /* velapsedtimer.cpp in Sources */ = {isa = PBXBuildFile; fileRef = 31FB1B93248234E3005B2D17 /* velapsedtimer.cpp */; };
		31FB1CAD248234E4005B2D17 /* vdrawhelper_neon.cpp in Sources */ = {isa = PBXBuildFile; fileRef = 31FB1B94248234E3005B2D17 /* vdrawhelper_neon.cpp */; };
		31FB1CAE248234E4005B2D17 /* velapsedtimer.h in Headers */ = {isa = PBXBuildFile; fileRef = 31FB1B95248234E3005B2D17 /* velapsedtimer.h */; };
		31FB1CB0248234E4005B2D17 /* vrect.cpp in Sources */ = {isa = PBXBuildFile; fileRef = 31FB1B97248234E3005B2D17 /* vrect.cpp */; };
		31FB1CB1248234E4005B2D17 /* vdasher.cpp in Sources */ = {isa = PBXBuildFile; fileRef = 31FB1B98248234E3005B2D17 /* vdasher.cpp */; };
		31FB1CB2248234E4005B2D17 /* vbezier.cpp in Sources */ = {isa = PBXBuildFile; fileRef = 31FB1B99248234E3005B2D17 /* vbezier.cpp */; };
		31FB1CB4248234E4005B2D17 /* pixman-arm-neon-asm.h in Headers */ = {isa = PBXBuildFile; fileRef = 31FB1B9C248234E3005B2D17 /* pixman-arm-neon-asm.h */; };
		31FB1CB5248234E4005B2D17 /* vregion.h in Headers */ = {isa = PBXBuildFile; fileRef = 31FB1B9D248234E3005B2D17 /* vregion.h */; };
		31FB1CB8248234E4005B2D17 /* vregion.cpp in Sources */ = {isa = PBXBuildFile; fileRef = 31FB1BA0248234E3005B2D17 /* vregion.cpp */; };
		31FB1CB9248234E4005B2D17 /* vpath.cpp in Sources */ = {isa = PBXBuildFile; fileRef = 31FB1BA1248234E3005B2D17 /* vpath.cpp */; };
		31FB1CBA248234E4005B2D17 /* config.h in Headers */ = {isa = PBXBuildFile; fileRef = 31FB1BA2248234E3005B2D17 /* config.h */; };
		31FB1CBC248234E4005B2D17 /* v_ft_types.h in Headers */ = {isa = PBXBuildFile; fileRef = 31FB1BA5248234E3005B2D17 /* v_ft_types.h */; };
		31FB1CBD248234E4005B2D17 /* v_ft_raster.cpp in Sources */ = {isa = PBXBuildFile; fileRef = 31FB1BA6248234E3005B2D17 /* v_ft_raster.cpp */; };
		31FB1CBF248234E4005B2D17 /* v_ft_stroker.cpp in Sources */ = {isa = PBXBuildFile; fileRef = 31FB1BA8248234E3005B2D17 /* v_ft_stroker.cpp */; };
		31FB1CC0248234E4005B2D17 /* v_ft_math.cpp in Sources */ = {isa = PBXBuildFile; fileRef = 31FB1BA9248234E3005B2D17 /* v_ft_math.cpp */; };
		31FB1CC1248234E4005B2D17 /* v_ft_stroker.h in Headers */ = {isa = PBXBuildFile; fileRef = 31FB1BAA248234E3005B2D17 /* v_ft_stroker.h */; };
		31FB1CC2248234E4005B2D17 /* v_ft_math.h in Headers */ = {isa = PBXBuildFile; fileRef = 31FB1BAB248234E3005B2D17 /* v_ft_math.h */; };
		31FB1CC3248234E4005B2D17 /* v_ft_raster.h in Headers */ = {isa = PBXBuildFile; fileRef = 31FB1BAC248234E3005B2D17 /* v_ft_raster.h */; };
		31FB1CC4248234E4005B2D17 /* vcompositionfunctions.cpp in Sources */ = {isa = PBXBuildFile; fileRef = 31FB1BAD248234E3005B2D17 /* vcompositionfunctions.cpp */; };
		31FB1CC5248234E4005B2D17 /* vdrawhelper.h in Headers */ = {isa = PBXBuildFile; fileRef = 31FB1BAE248234E3005B2D17 /* vdrawhelper.h */; };
		31FB1CC6248234E4005B2D17 /* vbitmap.cpp in Sources */ = {isa = PBXBuildFile; fileRef = 31FB1BAF248234E3005B2D17 /* vbitmap.cpp */; };
		31FB1CC7248234E4005B2D17 /* vdrawable.h in Headers */ = {isa = PBXBuildFile; fileRef = 31FB1BB0248234E3005B2D17 /* vdrawable.h */; };
		31FB1CC8248234E4005B2D17 /* vbitmap.h in Headers */ = {isa = PBXBuildFile; fileRef = 31FB1BB1248234E3005B2D17 /* vbitmap.h */; };
		31FB1CC9248234E4005B2D17 /* vpoint.h in Headers */ = {isa = PBXBuildFile; fileRef = 31FB1BB2248234E3005B2D17 /* vpoint.h */; };
		31FB1CCA248234E4005B2D17 /* vpathmesure.h in Headers */ = {isa = PBXBuildFile; fileRef = 31FB1BB3248234E3005B2D17 /* vpathmesure.h */; };
		31FB1CCB248234E4005B2D17 /* vdebug.h in Headers */ = {isa = PBXBuildFile; fileRef = 31FB1BB4248234E3005B2D17 /* vdebug.h */; };
		31FB1CCC248234E4005B2D17 /* vpath.h in Headers */ = {isa = PBXBuildFile; fileRef = 31FB1BB5248234E3005B2D17 /* vpath.h */; };
		31FB1CCF248234E4005B2D17 /* stb_image.h in Headers */ = {isa = PBXBuildFile; fileRef = 31FB1BB9248234E3005B2D17 /* stb_image.h */; };
		31FB1CD0248234E4005B2D17 /* stb_image.cpp in Sources */ = {isa = PBXBuildFile; fileRef = 31FB1BBA248234E3005B2D17 /* stb_image.cpp */; };
		31FB1CD2248234E4005B2D17 /* vtaskqueue.h in Headers */ = {isa = PBXBuildFile; fileRef = 31FB1BBC248234E3005B2D17 /* vtaskqueue.h */; };
		31FB1CD3248234E4005B2D17 /* vline.h in Headers */ = {isa = PBXBuildFile; fileRef = 31FB1BBD248234E3005B2D17 /* vline.h */; };
		31FB1CD4248234E4005B2D17 /* vdrawable.cpp in Sources */ = {isa = PBXBuildFile; fileRef = 31FB1BBE248234E3005B2D17 /* vdrawable.cpp */; };
		31FB1CD5248234E4005B2D17 /* vpathmesure.cpp in Sources */ = {isa = PBXBuildFile; fileRef = 31FB1BBF248234E3005B2D17 /* vpathmesure.cpp */; };
		31FB1CD6248234E4005B2D17 /* vbrush.h in Headers */ = {isa = PBXBuildFile; fileRef = 31FB1BC0248234E3005B2D17 /* vbrush.h */; };
		31FB1CD7248234E4005B2D17 /* vpainter.cpp in Sources */ = {isa = PBXBuildFile; fileRef = 31FB1BC1248234E3005B2D17 /* vpainter.cpp */; };
		31FB1CD8248234E4005B2D17 /* vdebug.cpp in Sources */ = {isa = PBXBuildFile; fileRef = 31FB1BC2248234E3005B2D17 /* vdebug.cpp */; };
		31FB1CD9248234E4005B2D17 /* vimageloader.cpp in Sources */ = {isa = PBXBuildFile; fileRef = 31FB1BC3248234E3005B2D17 /* vimageloader.cpp */; };
		31FB1CDA248234E4005B2D17 /* vglobal.h in Headers */ = {isa = PBXBuildFile; fileRef = 31FB1BC4248234E3005B2D17 /* vglobal.h */; };
		31FB1CDB248234E4005B2D17 /* vraster.cpp in Sources */ = {isa = PBXBuildFile; fileRef = 31FB1BC5248234E3005B2D17 /* vraster.cpp */; };
		31FB1CDC248234E4005B2D17 /* vpainter.h in Headers */ = {isa = PBXBuildFile; fileRef = 31FB1BC6248234E3005B2D17 /* vpainter.h */; };
		31FB1CDD248234E4005B2D17 /* vmatrix.cpp in Sources */ = {isa = PBXBuildFile; fileRef = 31FB1BC7248234E3005B2D17 /* vmatrix.cpp */; };
		31FB1CDE248234E4005B2D17 /* vrect.h in Headers */ = {isa = PBXBuildFile; fileRef = 31FB1BC8248234E3005B2D17 /* vrect.h */; };
		31FB1CDF248234E4005B2D17 /* vinterpolator.h in Headers */ = {isa = PBXBuildFile; fileRef = 31FB1BC9248234E3005B2D17 /* vinterpolator.h */; };
		31FB1CE0248234E4005B2D17 /* vbezier.h in Headers */ = {isa = PBXBuildFile; fileRef = 31FB1BCA248234E3005B2D17 /* vbezier.h */; };
		31FB1CE1248234E4005B2D17 /* vdrawhelper_sse2.cpp in Sources */ = {isa = PBXBuildFile; fileRef = 31FB1BCB248234E3005B2D17 /* vdrawhelper_sse2.cpp */; };
		31FB1CE2248234E4005B2D17 /* vinterpolator.cpp in Sources */ = {isa = PBXBuildFile; fileRef = 31FB1BCC248234E3005B2D17 /* vinterpolator.cpp */; };
		31FB1CE3248234E4005B2D17 /* vdrawhelper.cpp in Sources */ = {isa = PBXBuildFile; fileRef = 31FB1BCD248234E3005B2D17 /* vdrawhelper.cpp */; };
		31FB1CE4248234E4005B2D17 /* vstackallocator.h in Headers */ = {isa = PBXBuildFile; fileRef = 31FB1BCE248234E3005B2D17 /* vstackallocator.h */; };
		31FB1CE5248234E4005B2D17 /* vimageloader.h in Headers */ = {isa = PBXBuildFile; fileRef = 31FB1BCF248234E3005B2D17 /* vimageloader.h */; };
		31FB1CE6248234E4005B2D17 /* vraster.h in Headers */ = {isa = PBXBuildFile; fileRef = 31FB1BD0248234E3005B2D17 /* vraster.h */; };
		31FB1CE7248234E4005B2D17 /* vmatrix.h in Headers */ = {isa = PBXBuildFile; fileRef = 31FB1BD1248234E3005B2D17 /* vmatrix.h */; };
		31FB1CE8248234E4005B2D17 /* vrle.cpp in Sources */ = {isa = PBXBuildFile; fileRef = 31FB1BD2248234E3005B2D17 /* vrle.cpp */; };
		31FB1CE9248234E4005B2D17 /* vcowptr.h in Headers */ = {isa = PBXBuildFile; fileRef = 31FB1BD3248234E3005B2D17 /* vcowptr.h */; };
		31FB1CEA248234E4005B2D17 /* vbrush.cpp in Sources */ = {isa = PBXBuildFile; fileRef = 31FB1BD4248234E4005B2D17 /* vbrush.cpp */; };
		31FB1CF924823AA5005B2D17 /* ImageUtil.swift in Sources */ = {isa = PBXBuildFile; fileRef = 31FB1CF424823AA5005B2D17 /* ImageUtil.swift */; };
		31FB1D0424824465005B2D17 /* RLottieBinding.framework in Frameworks */ = {isa = PBXBuildFile; fileRef = 31FB1A932482346F005B2D17 /* RLottieBinding.framework */; };
		31FB1D0524824465005B2D17 /* RLottieBinding.framework in Embed Frameworks */ = {isa = PBXBuildFile; fileRef = 31FB1A932482346F005B2D17 /* RLottieBinding.framework */; settings = {ATTRIBUTES = (CodeSignOnCopy, RemoveHeadersOnCopy, ); }; };
/* End PBXBuildFile section */

/* Begin PBXCopyFilesBuildPhase section */
		31FB1D0624824465005B2D17 /* Embed Frameworks */ = {
			isa = PBXCopyFilesBuildPhase;
			buildActionMask = 2147483647;
			dstPath = "";
			dstSubfolderSpec = 10;
			files = (
				31FB1D0524824465005B2D17 /* RLottieBinding.framework in Embed Frameworks */,
			);
			name = "Embed Frameworks";
			runOnlyForDeploymentPostprocessing = 0;
		};
/* End PBXCopyFilesBuildPhase section */

/* Begin PBXFileReference section */
		3110BC3524879E5D00049379 /* AnimatedStickerFrame.swift */ = {isa = PBXFileReference; fileEncoding = 4; lastKnownFileType = sourcecode.swift; path = AnimatedStickerFrame.swift; sourceTree = "<group>"; };
		31174C8224824872002B1F9E /* CoreServices.framework */ = {isa = PBXFileReference; lastKnownFileType = wrapper.framework; name = CoreServices.framework; path = System/Library/Frameworks/CoreServices.framework; sourceTree = SDKROOT; };
		31174C8424824950002B1F9E /* ManagedFile.swift */ = {isa = PBXFileReference; fileEncoding = 4; lastKnownFileType = sourcecode.swift; path = ManagedFile.swift; sourceTree = "<group>"; };
		31174C8524824950002B1F9E /* StickerUtil.swift */ = {isa = PBXFileReference; fileEncoding = 4; lastKnownFileType = sourcecode.swift; path = StickerUtil.swift; sourceTree = "<group>"; };
		31174C8824824C67002B1F9E /* stickers */ = {isa = PBXFileReference; lastKnownFileType = folder; path = stickers; sourceTree = "<group>"; };
		31174C8A24825127002B1F9E /* TGSCachedDataSource.swift */ = {isa = PBXFileReference; lastKnownFileType = sourcecode.swift; path = TGSCachedDataSource.swift; sourceTree = "<group>"; };
		319C4E2B248601FC000C8BD1 /* Util.swift */ = {isa = PBXFileReference; lastKnownFileType = sourcecode.swift; path = Util.swift; sourceTree = "<group>"; };
		319C4E2D24860C18000C8BD1 /* GifDataSource.swift */ = {isa = PBXFileReference; lastKnownFileType = sourcecode.swift; path = GifDataSource.swift; sourceTree = "<group>"; };
		31C81F4D248259EC003C9E33 /* ResourceManager.swift */ = {isa = PBXFileReference; lastKnownFileType = sourcecode.swift; path = ResourceManager.swift; sourceTree = "<group>"; };
		31FB1A64248204E5005B2D17 /* KingLoader.app */ = {isa = PBXFileReference; explicitFileType = wrapper.application; includeInIndex = 0; path = KingLoader.app; sourceTree = BUILT_PRODUCTS_DIR; };
		31FB1A67248204E5005B2D17 /* AppDelegate.swift */ = {isa = PBXFileReference; lastKnownFileType = sourcecode.swift; path = AppDelegate.swift; sourceTree = "<group>"; };
		31FB1A69248204E5005B2D17 /* ViewController.swift */ = {isa = PBXFileReference; lastKnownFileType = sourcecode.swift; path = ViewController.swift; sourceTree = "<group>"; };
		31FB1A6C248204E5005B2D17 /* Base */ = {isa = PBXFileReference; lastKnownFileType = file.storyboard; name = Base; path = Base.lproj/Main.storyboard; sourceTree = "<group>"; };
		31FB1A6E248204E7005B2D17 /* Assets.xcassets */ = {isa = PBXFileReference; lastKnownFileType = folder.assetcatalog; path = Assets.xcassets; sourceTree = "<group>"; };
		31FB1A71248204E7005B2D17 /* Base */ = {isa = PBXFileReference; lastKnownFileType = file.storyboard; name = Base; path = Base.lproj/LaunchScreen.storyboard; sourceTree = "<group>"; };
		31FB1A73248204E7005B2D17 /* Info.plist */ = {isa = PBXFileReference; lastKnownFileType = text.plist.xml; path = Info.plist; sourceTree = "<group>"; };
		31FB1A79248204FC005B2D17 /* AnimatedView.swift */ = {isa = PBXFileReference; lastKnownFileType = sourcecode.swift; path = AnimatedView.swift; sourceTree = "<group>"; };
		31FB1A7C24820901005B2D17 /* test.gif */ = {isa = PBXFileReference; lastKnownFileType = image.gif; path = test.gif; sourceTree = "<group>"; };
		31FB1A7E24820B53005B2D17 /* GifDecoder.swift */ = {isa = PBXFileReference; lastKnownFileType = sourcecode.swift; path = GifDecoder.swift; sourceTree = "<group>"; };
		31FB1A8024820EB6005B2D17 /* ListViewController.swift */ = {isa = PBXFileReference; lastKnownFileType = sourcecode.swift; path = ListViewController.swift; sourceTree = "<group>"; };
		31FB1A87248233CB005B2D17 /* KingLoader-Bridging-Header.h */ = {isa = PBXFileReference; lastKnownFileType = sourcecode.c.h; path = "KingLoader-Bridging-Header.h"; sourceTree = "<group>"; };
		31FB1A88248233CC005B2D17 /* YUV.h */ = {isa = PBXFileReference; fileEncoding = 4; lastKnownFileType = sourcecode.c.h; path = YUV.h; sourceTree = "<group>"; };
		31FB1A89248233CC005B2D17 /* YUV.m */ = {isa = PBXFileReference; fileEncoding = 4; lastKnownFileType = sourcecode.c.objc; path = YUV.m; sourceTree = "<group>"; };
		31FB1A8B248233F4005B2D17 /* GZip.m */ = {isa = PBXFileReference; fileEncoding = 4; lastKnownFileType = sourcecode.c.objc; path = GZip.m; sourceTree = "<group>"; };
		31FB1A8C248233F4005B2D17 /* GZip.h */ = {isa = PBXFileReference; fileEncoding = 4; lastKnownFileType = sourcecode.c.h; path = GZip.h; sourceTree = "<group>"; };
		31FB1A932482346F005B2D17 /* RLottieBinding.framework */ = {isa = PBXFileReference; explicitFileType = wrapper.framework; includeInIndex = 0; path = RLottieBinding.framework; sourceTree = BUILT_PRODUCTS_DIR; };
		31FB1A952482346F005B2D17 /* RLottieBinding.h */ = {isa = PBXFileReference; lastKnownFileType = sourcecode.c.h; path = RLottieBinding.h; sourceTree = "<group>"; };
		31FB1A962482346F005B2D17 /* Info.plist */ = {isa = PBXFileReference; lastKnownFileType = text.plist.xml; path = Info.plist; sourceTree = "<group>"; };
		31FB1AA02482349E005B2D17 /* LottieInstance.mm */ = {isa = PBXFileReference; fileEncoding = 4; lastKnownFileType = sourcecode.cpp.objcpp; path = LottieInstance.mm; sourceTree = "<group>"; };
		31FB1AA12482349E005B2D17 /* LottieInstance.h */ = {isa = PBXFileReference; fileEncoding = 4; lastKnownFileType = sourcecode.c.h; path = LottieInstance.h; sourceTree = "<group>"; };
		31FB1AB4248234E3005B2D17 /* rlottiecommon.h */ = {isa = PBXFileReference; fileEncoding = 4; lastKnownFileType = sourcecode.c.h; path = rlottiecommon.h; sourceTree = "<group>"; };
		31FB1AB6248234E3005B2D17 /* rlottie.h */ = {isa = PBXFileReference; fileEncoding = 4; lastKnownFileType = sourcecode.c.h; path = rlottie.h; sourceTree = "<group>"; };
		31FB1AB7248234E3005B2D17 /* rlottie_capi.h */ = {isa = PBXFileReference; fileEncoding = 4; lastKnownFileType = sourcecode.c.h; path = rlottie_capi.h; sourceTree = "<group>"; };
		31FB1B59248234E3005B2D17 /* lottiemodel.cpp */ = {isa = PBXFileReference; fileEncoding = 4; lastKnownFileType = sourcecode.cpp.cpp; path = lottiemodel.cpp; sourceTree = "<group>"; };
		31FB1B5A248234E3005B2D17 /* lottieitem.cpp */ = {isa = PBXFileReference; fileEncoding = 4; lastKnownFileType = sourcecode.cpp.cpp; path = lottieitem.cpp; sourceTree = "<group>"; };
		31FB1B5C248234E3005B2D17 /* lottieanimation.cpp */ = {isa = PBXFileReference; fileEncoding = 4; lastKnownFileType = sourcecode.cpp.cpp; path = lottieanimation.cpp; sourceTree = "<group>"; };
		31FB1B5D248234E3005B2D17 /* lottiekeypath.cpp */ = {isa = PBXFileReference; fileEncoding = 4; lastKnownFileType = sourcecode.cpp.cpp; path = lottiekeypath.cpp; sourceTree = "<group>"; };
		31FB1B5E248234E3005B2D17 /* lottieparser.h */ = {isa = PBXFileReference; fileEncoding = 4; lastKnownFileType = sourcecode.c.h; path = lottieparser.h; sourceTree = "<group>"; };
		31FB1B5F248234E3005B2D17 /* lottieparser.cpp */ = {isa = PBXFileReference; fileEncoding = 4; lastKnownFileType = sourcecode.cpp.cpp; path = lottieparser.cpp; sourceTree = "<group>"; };
		31FB1B60248234E3005B2D17 /* lottieloader.cpp */ = {isa = PBXFileReference; fileEncoding = 4; lastKnownFileType = sourcecode.cpp.cpp; path = lottieloader.cpp; sourceTree = "<group>"; };
		31FB1B61248234E3005B2D17 /* lottieitem.h */ = {isa = PBXFileReference; fileEncoding = 4; lastKnownFileType = sourcecode.c.h; path = lottieitem.h; sourceTree = "<group>"; };
		31FB1B62248234E3005B2D17 /* lottiekeypath.h */ = {isa = PBXFileReference; fileEncoding = 4; lastKnownFileType = sourcecode.c.h; path = lottiekeypath.h; sourceTree = "<group>"; };
		31FB1B64248234E3005B2D17 /* lottieproxymodel.cpp */ = {isa = PBXFileReference; fileEncoding = 4; lastKnownFileType = sourcecode.cpp.cpp; path = lottieproxymodel.cpp; sourceTree = "<group>"; };
		31FB1B66248234E3005B2D17 /* fwd.h */ = {isa = PBXFileReference; fileEncoding = 4; lastKnownFileType = sourcecode.c.h; path = fwd.h; sourceTree = "<group>"; };
		31FB1B67248234E3005B2D17 /* memorystream.h */ = {isa = PBXFileReference; fileEncoding = 4; lastKnownFileType = sourcecode.c.h; path = memorystream.h; sourceTree = "<group>"; };
		31FB1B68248234E3005B2D17 /* reader.h */ = {isa = PBXFileReference; fileEncoding = 4; lastKnownFileType = sourcecode.c.h; path = reader.h; sourceTree = "<group>"; };
		31FB1B69248234E3005B2D17 /* prettywriter.h */ = {isa = PBXFileReference; fileEncoding = 4; lastKnownFileType = sourcecode.c.h; path = prettywriter.h; sourceTree = "<group>"; };
		31FB1B6A248234E3005B2D17 /* ostreamwrapper.h */ = {isa = PBXFileReference; fileEncoding = 4; lastKnownFileType = sourcecode.c.h; path = ostreamwrapper.h; sourceTree = "<group>"; };
		31FB1B6B248234E3005B2D17 /* encodedstream.h */ = {isa = PBXFileReference; fileEncoding = 4; lastKnownFileType = sourcecode.c.h; path = encodedstream.h; sourceTree = "<group>"; };
		31FB1B6C248234E3005B2D17 /* filereadstream.h */ = {isa = PBXFileReference; fileEncoding = 4; lastKnownFileType = sourcecode.c.h; path = filereadstream.h; sourceTree = "<group>"; };
		31FB1B6D248234E3005B2D17 /* cursorstreamwrapper.h */ = {isa = PBXFileReference; fileEncoding = 4; lastKnownFileType = sourcecode.c.h; path = cursorstreamwrapper.h; sourceTree = "<group>"; };
		31FB1B6E248234E3005B2D17 /* istreamwrapper.h */ = {isa = PBXFileReference; fileEncoding = 4; lastKnownFileType = sourcecode.c.h; path = istreamwrapper.h; sourceTree = "<group>"; };
		31FB1B6F248234E3005B2D17 /* stringbuffer.h */ = {isa = PBXFileReference; fileEncoding = 4; lastKnownFileType = sourcecode.c.h; path = stringbuffer.h; sourceTree = "<group>"; };
		31FB1B71248234E3005B2D17 /* ieee754.h */ = {isa = PBXFileReference; fileEncoding = 4; lastKnownFileType = sourcecode.c.h; path = ieee754.h; sourceTree = "<group>"; };
		31FB1B72248234E3005B2D17 /* strtod.h */ = {isa = PBXFileReference; fileEncoding = 4; lastKnownFileType = sourcecode.c.h; path = strtod.h; sourceTree = "<group>"; };
		31FB1B73248234E3005B2D17 /* swap.h */ = {isa = PBXFileReference; fileEncoding = 4; lastKnownFileType = sourcecode.c.h; path = swap.h; sourceTree = "<group>"; };
		31FB1B74248234E3005B2D17 /* regex.h */ = {isa = PBXFileReference; fileEncoding = 4; lastKnownFileType = sourcecode.c.h; path = regex.h; sourceTree = "<group>"; };
		31FB1B75248234E3005B2D17 /* diyfp.h */ = {isa = PBXFileReference; fileEncoding = 4; lastKnownFileType = sourcecode.c.h; path = diyfp.h; sourceTree = "<group>"; };
		31FB1B76248234E3005B2D17 /* biginteger.h */ = {isa = PBXFileReference; fileEncoding = 4; lastKnownFileType = sourcecode.c.h; path = biginteger.h; sourceTree = "<group>"; };
		31FB1B77248234E3005B2D17 /* strfunc.h */ = {isa = PBXFileReference; fileEncoding = 4; lastKnownFileType = sourcecode.c.h; path = strfunc.h; sourceTree = "<group>"; };
		31FB1B78248234E3005B2D17 /* itoa.h */ = {isa = PBXFileReference; fileEncoding = 4; lastKnownFileType = sourcecode.c.h; path = itoa.h; sourceTree = "<group>"; };
		31FB1B79248234E3005B2D17 /* stack.h */ = {isa = PBXFileReference; fileEncoding = 4; lastKnownFileType = sourcecode.c.h; path = stack.h; sourceTree = "<group>"; };
		31FB1B7A248234E3005B2D17 /* dtoa.h */ = {isa = PBXFileReference; fileEncoding = 4; lastKnownFileType = sourcecode.c.h; path = dtoa.h; sourceTree = "<group>"; };
		31FB1B7B248234E3005B2D17 /* meta.h */ = {isa = PBXFileReference; fileEncoding = 4; lastKnownFileType = sourcecode.c.h; path = meta.h; sourceTree = "<group>"; };
		31FB1B7C248234E3005B2D17 /* pow10.h */ = {isa = PBXFileReference; fileEncoding = 4; lastKnownFileType = sourcecode.c.h; path = pow10.h; sourceTree = "<group>"; };
		31FB1B7D248234E3005B2D17 /* encodings.h */ = {isa = PBXFileReference; fileEncoding = 4; lastKnownFileType = sourcecode.c.h; path = encodings.h; sourceTree = "<group>"; };
		31FB1B7E248234E3005B2D17 /* schema.h */ = {isa = PBXFileReference; fileEncoding = 4; lastKnownFileType = sourcecode.c.h; path = schema.h; sourceTree = "<group>"; };
		31FB1B7F248234E3005B2D17 /* stream.h */ = {isa = PBXFileReference; fileEncoding = 4; lastKnownFileType = sourcecode.c.h; path = stream.h; sourceTree = "<group>"; };
		31FB1B80248234E3005B2D17 /* filewritestream.h */ = {isa = PBXFileReference; fileEncoding = 4; lastKnownFileType = sourcecode.c.h; path = filewritestream.h; sourceTree = "<group>"; };
		31FB1B81248234E3005B2D17 /* rapidjson.h */ = {isa = PBXFileReference; fileEncoding = 4; lastKnownFileType = sourcecode.c.h; path = rapidjson.h; sourceTree = "<group>"; };
		31FB1B82248234E3005B2D17 /* document.h */ = {isa = PBXFileReference; fileEncoding = 4; lastKnownFileType = sourcecode.c.h; path = document.h; sourceTree = "<group>"; };
		31FB1B83248234E3005B2D17 /* allocators.h */ = {isa = PBXFileReference; fileEncoding = 4; lastKnownFileType = sourcecode.c.h; path = allocators.h; sourceTree = "<group>"; };
		31FB1B84248234E3005B2D17 /* writer.h */ = {isa = PBXFileReference; fileEncoding = 4; lastKnownFileType = sourcecode.c.h; path = writer.h; sourceTree = "<group>"; };
		31FB1B86248234E3005B2D17 /* error.h */ = {isa = PBXFileReference; fileEncoding = 4; lastKnownFileType = sourcecode.c.h; path = error.h; sourceTree = "<group>"; };
		31FB1B87248234E3005B2D17 /* en.h */ = {isa = PBXFileReference; fileEncoding = 4; lastKnownFileType = sourcecode.c.h; path = en.h; sourceTree = "<group>"; };
		31FB1B88248234E3005B2D17 /* memorybuffer.h */ = {isa = PBXFileReference; fileEncoding = 4; lastKnownFileType = sourcecode.c.h; path = memorybuffer.h; sourceTree = "<group>"; };
		31FB1B89248234E3005B2D17 /* pointer.h */ = {isa = PBXFileReference; fileEncoding = 4; lastKnownFileType = sourcecode.c.h; path = pointer.h; sourceTree = "<group>"; };
		31FB1B8D248234E3005B2D17 /* lottieproxymodel.h */ = {isa = PBXFileReference; fileEncoding = 4; lastKnownFileType = sourcecode.c.h; path = lottieproxymodel.h; sourceTree = "<group>"; };
		31FB1B8E248234E3005B2D17 /* lottiemodel.h */ = {isa = PBXFileReference; fileEncoding = 4; lastKnownFileType = sourcecode.c.h; path = lottiemodel.h; sourceTree = "<group>"; };
		31FB1B8F248234E3005B2D17 /* lottieloader.h */ = {isa = PBXFileReference; fileEncoding = 4; lastKnownFileType = sourcecode.c.h; path = lottieloader.h; sourceTree = "<group>"; };
		31FB1B91248234E3005B2D17 /* vdasher.h */ = {isa = PBXFileReference; fileEncoding = 4; lastKnownFileType = sourcecode.c.h; path = vdasher.h; sourceTree = "<group>"; };
		31FB1B92248234E3005B2D17 /* vrle.h */ = {isa = PBXFileReference; fileEncoding = 4; lastKnownFileType = sourcecode.c.h; path = vrle.h; sourceTree = "<group>"; };
		31FB1B93248234E3005B2D17 /* velapsedtimer.cpp */ = {isa = PBXFileReference; fileEncoding = 4; lastKnownFileType = sourcecode.cpp.cpp; path = velapsedtimer.cpp; sourceTree = "<group>"; };
		31FB1B94248234E3005B2D17 /* vdrawhelper_neon.cpp */ = {isa = PBXFileReference; fileEncoding = 4; lastKnownFileType = sourcecode.cpp.cpp; path = vdrawhelper_neon.cpp; sourceTree = "<group>"; };
		31FB1B95248234E3005B2D17 /* velapsedtimer.h */ = {isa = PBXFileReference; fileEncoding = 4; lastKnownFileType = sourcecode.c.h; path = velapsedtimer.h; sourceTree = "<group>"; };
		31FB1B97248234E3005B2D17 /* vrect.cpp */ = {isa = PBXFileReference; fileEncoding = 4; lastKnownFileType = sourcecode.cpp.cpp; path = vrect.cpp; sourceTree = "<group>"; };
		31FB1B98248234E3005B2D17 /* vdasher.cpp */ = {isa = PBXFileReference; fileEncoding = 4; lastKnownFileType = sourcecode.cpp.cpp; path = vdasher.cpp; sourceTree = "<group>"; };
		31FB1B99248234E3005B2D17 /* vbezier.cpp */ = {isa = PBXFileReference; fileEncoding = 4; lastKnownFileType = sourcecode.cpp.cpp; path = vbezier.cpp; sourceTree = "<group>"; };
		31FB1B9C248234E3005B2D17 /* pixman-arm-neon-asm.h */ = {isa = PBXFileReference; fileEncoding = 4; lastKnownFileType = sourcecode.c.h; path = "pixman-arm-neon-asm.h"; sourceTree = "<group>"; };
		31FB1B9D248234E3005B2D17 /* vregion.h */ = {isa = PBXFileReference; fileEncoding = 4; lastKnownFileType = sourcecode.c.h; path = vregion.h; sourceTree = "<group>"; };
		31FB1BA0248234E3005B2D17 /* vregion.cpp */ = {isa = PBXFileReference; fileEncoding = 4; lastKnownFileType = sourcecode.cpp.cpp; path = vregion.cpp; sourceTree = "<group>"; };
		31FB1BA1248234E3005B2D17 /* vpath.cpp */ = {isa = PBXFileReference; fileEncoding = 4; lastKnownFileType = sourcecode.cpp.cpp; path = vpath.cpp; sourceTree = "<group>"; };
		31FB1BA2248234E3005B2D17 /* config.h */ = {isa = PBXFileReference; fileEncoding = 4; lastKnownFileType = sourcecode.c.h; path = config.h; sourceTree = "<group>"; };
		31FB1BA5248234E3005B2D17 /* v_ft_types.h */ = {isa = PBXFileReference; fileEncoding = 4; lastKnownFileType = sourcecode.c.h; path = v_ft_types.h; sourceTree = "<group>"; };
		31FB1BA6248234E3005B2D17 /* v_ft_raster.cpp */ = {isa = PBXFileReference; fileEncoding = 4; lastKnownFileType = sourcecode.cpp.cpp; path = v_ft_raster.cpp; sourceTree = "<group>"; };
		31FB1BA8248234E3005B2D17 /* v_ft_stroker.cpp */ = {isa = PBXFileReference; fileEncoding = 4; lastKnownFileType = sourcecode.cpp.cpp; path = v_ft_stroker.cpp; sourceTree = "<group>"; };
		31FB1BA9248234E3005B2D17 /* v_ft_math.cpp */ = {isa = PBXFileReference; fileEncoding = 4; lastKnownFileType = sourcecode.cpp.cpp; path = v_ft_math.cpp; sourceTree = "<group>"; };
		31FB1BAA248234E3005B2D17 /* v_ft_stroker.h */ = {isa = PBXFileReference; fileEncoding = 4; lastKnownFileType = sourcecode.c.h; path = v_ft_stroker.h; sourceTree = "<group>"; };
		31FB1BAB248234E3005B2D17 /* v_ft_math.h */ = {isa = PBXFileReference; fileEncoding = 4; lastKnownFileType = sourcecode.c.h; path = v_ft_math.h; sourceTree = "<group>"; };
		31FB1BAC248234E3005B2D17 /* v_ft_raster.h */ = {isa = PBXFileReference; fileEncoding = 4; lastKnownFileType = sourcecode.c.h; path = v_ft_raster.h; sourceTree = "<group>"; };
		31FB1BAD248234E3005B2D17 /* vcompositionfunctions.cpp */ = {isa = PBXFileReference; fileEncoding = 4; lastKnownFileType = sourcecode.cpp.cpp; path = vcompositionfunctions.cpp; sourceTree = "<group>"; };
		31FB1BAE248234E3005B2D17 /* vdrawhelper.h */ = {isa = PBXFileReference; fileEncoding = 4; lastKnownFileType = sourcecode.c.h; path = vdrawhelper.h; sourceTree = "<group>"; };
		31FB1BAF248234E3005B2D17 /* vbitmap.cpp */ = {isa = PBXFileReference; fileEncoding = 4; lastKnownFileType = sourcecode.cpp.cpp; path = vbitmap.cpp; sourceTree = "<group>"; };
		31FB1BB0248234E3005B2D17 /* vdrawable.h */ = {isa = PBXFileReference; fileEncoding = 4; lastKnownFileType = sourcecode.c.h; path = vdrawable.h; sourceTree = "<group>"; };
		31FB1BB1248234E3005B2D17 /* vbitmap.h */ = {isa = PBXFileReference; fileEncoding = 4; lastKnownFileType = sourcecode.c.h; path = vbitmap.h; sourceTree = "<group>"; };
		31FB1BB2248234E3005B2D17 /* vpoint.h */ = {isa = PBXFileReference; fileEncoding = 4; lastKnownFileType = sourcecode.c.h; path = vpoint.h; sourceTree = "<group>"; };
		31FB1BB3248234E3005B2D17 /* vpathmesure.h */ = {isa = PBXFileReference; fileEncoding = 4; lastKnownFileType = sourcecode.c.h; path = vpathmesure.h; sourceTree = "<group>"; };
		31FB1BB4248234E3005B2D17 /* vdebug.h */ = {isa = PBXFileReference; fileEncoding = 4; lastKnownFileType = sourcecode.c.h; path = vdebug.h; sourceTree = "<group>"; };
		31FB1BB5248234E3005B2D17 /* vpath.h */ = {isa = PBXFileReference; fileEncoding = 4; lastKnownFileType = sourcecode.c.h; path = vpath.h; sourceTree = "<group>"; };
		31FB1BB9248234E3005B2D17 /* stb_image.h */ = {isa = PBXFileReference; fileEncoding = 4; lastKnownFileType = sourcecode.c.h; path = stb_image.h; sourceTree = "<group>"; };
		31FB1BBA248234E3005B2D17 /* stb_image.cpp */ = {isa = PBXFileReference; fileEncoding = 4; lastKnownFileType = sourcecode.cpp.cpp; path = stb_image.cpp; sourceTree = "<group>"; };
		31FB1BBC248234E3005B2D17 /* vtaskqueue.h */ = {isa = PBXFileReference; fileEncoding = 4; lastKnownFileType = sourcecode.c.h; path = vtaskqueue.h; sourceTree = "<group>"; };
		31FB1BBD248234E3005B2D17 /* vline.h */ = {isa = PBXFileReference; fileEncoding = 4; lastKnownFileType = sourcecode.c.h; path = vline.h; sourceTree = "<group>"; };
		31FB1BBE248234E3005B2D17 /* vdrawable.cpp */ = {isa = PBXFileReference; fileEncoding = 4; lastKnownFileType = sourcecode.cpp.cpp; path = vdrawable.cpp; sourceTree = "<group>"; };
		31FB1BBF248234E3005B2D17 /* vpathmesure.cpp */ = {isa = PBXFileReference; fileEncoding = 4; lastKnownFileType = sourcecode.cpp.cpp; path = vpathmesure.cpp; sourceTree = "<group>"; };
		31FB1BC0248234E3005B2D17 /* vbrush.h */ = {isa = PBXFileReference; fileEncoding = 4; lastKnownFileType = sourcecode.c.h; path = vbrush.h; sourceTree = "<group>"; };
		31FB1BC1248234E3005B2D17 /* vpainter.cpp */ = {isa = PBXFileReference; fileEncoding = 4; lastKnownFileType = sourcecode.cpp.cpp; path = vpainter.cpp; sourceTree = "<group>"; };
		31FB1BC2248234E3005B2D17 /* vdebug.cpp */ = {isa = PBXFileReference; fileEncoding = 4; lastKnownFileType = sourcecode.cpp.cpp; path = vdebug.cpp; sourceTree = "<group>"; };
		31FB1BC3248234E3005B2D17 /* vimageloader.cpp */ = {isa = PBXFileReference; fileEncoding = 4; lastKnownFileType = sourcecode.cpp.cpp; path = vimageloader.cpp; sourceTree = "<group>"; };
		31FB1BC4248234E3005B2D17 /* vglobal.h */ = {isa = PBXFileReference; fileEncoding = 4; lastKnownFileType = sourcecode.c.h; path = vglobal.h; sourceTree = "<group>"; };
		31FB1BC5248234E3005B2D17 /* vraster.cpp */ = {isa = PBXFileReference; fileEncoding = 4; lastKnownFileType = sourcecode.cpp.cpp; path = vraster.cpp; sourceTree = "<group>"; };
		31FB1BC6248234E3005B2D17 /* vpainter.h */ = {isa = PBXFileReference; fileEncoding = 4; lastKnownFileType = sourcecode.c.h; path = vpainter.h; sourceTree = "<group>"; };
		31FB1BC7248234E3005B2D17 /* vmatrix.cpp */ = {isa = PBXFileReference; fileEncoding = 4; lastKnownFileType = sourcecode.cpp.cpp; path = vmatrix.cpp; sourceTree = "<group>"; };
		31FB1BC8248234E3005B2D17 /* vrect.h */ = {isa = PBXFileReference; fileEncoding = 4; lastKnownFileType = sourcecode.c.h; path = vrect.h; sourceTree = "<group>"; };
		31FB1BC9248234E3005B2D17 /* vinterpolator.h */ = {isa = PBXFileReference; fileEncoding = 4; lastKnownFileType = sourcecode.c.h; path = vinterpolator.h; sourceTree = "<group>"; };
		31FB1BCA248234E3005B2D17 /* vbezier.h */ = {isa = PBXFileReference; fileEncoding = 4; lastKnownFileType = sourcecode.c.h; path = vbezier.h; sourceTree = "<group>"; };
		31FB1BCB248234E3005B2D17 /* vdrawhelper_sse2.cpp */ = {isa = PBXFileReference; fileEncoding = 4; lastKnownFileType = sourcecode.cpp.cpp; path = vdrawhelper_sse2.cpp; sourceTree = "<group>"; };
		31FB1BCC248234E3005B2D17 /* vinterpolator.cpp */ = {isa = PBXFileReference; fileEncoding = 4; lastKnownFileType = sourcecode.cpp.cpp; path = vinterpolator.cpp; sourceTree = "<group>"; };
		31FB1BCD248234E3005B2D17 /* vdrawhelper.cpp */ = {isa = PBXFileReference; fileEncoding = 4; lastKnownFileType = sourcecode.cpp.cpp; path = vdrawhelper.cpp; sourceTree = "<group>"; };
		31FB1BCE248234E3005B2D17 /* vstackallocator.h */ = {isa = PBXFileReference; fileEncoding = 4; lastKnownFileType = sourcecode.c.h; path = vstackallocator.h; sourceTree = "<group>"; };
		31FB1BCF248234E3005B2D17 /* vimageloader.h */ = {isa = PBXFileReference; fileEncoding = 4; lastKnownFileType = sourcecode.c.h; path = vimageloader.h; sourceTree = "<group>"; };
		31FB1BD0248234E3005B2D17 /* vraster.h */ = {isa = PBXFileReference; fileEncoding = 4; lastKnownFileType = sourcecode.c.h; path = vraster.h; sourceTree = "<group>"; };
		31FB1BD1248234E3005B2D17 /* vmatrix.h */ = {isa = PBXFileReference; fileEncoding = 4; lastKnownFileType = sourcecode.c.h; path = vmatrix.h; sourceTree = "<group>"; };
		31FB1BD2248234E3005B2D17 /* vrle.cpp */ = {isa = PBXFileReference; fileEncoding = 4; lastKnownFileType = sourcecode.cpp.cpp; path = vrle.cpp; sourceTree = "<group>"; };
		31FB1BD3248234E3005B2D17 /* vcowptr.h */ = {isa = PBXFileReference; fileEncoding = 4; lastKnownFileType = sourcecode.c.h; path = vcowptr.h; sourceTree = "<group>"; };
		31FB1BD4248234E4005B2D17 /* vbrush.cpp */ = {isa = PBXFileReference; fileEncoding = 4; lastKnownFileType = sourcecode.cpp.cpp; path = vbrush.cpp; sourceTree = "<group>"; };
		31FB1CED24823665005B2D17 /* libc++.tbd */ = {isa = PBXFileReference; lastKnownFileType = "sourcecode.text-based-dylib-definition"; name = "libc++.tbd"; path = "usr/lib/libc++.tbd"; sourceTree = SDKROOT; };
		31FB1CF424823AA5005B2D17 /* ImageUtil.swift */ = {isa = PBXFileReference; fileEncoding = 4; lastKnownFileType = sourcecode.swift; path = ImageUtil.swift; sourceTree = "<group>"; };
/* End PBXFileReference section */

/* Begin PBXFrameworksBuildPhase section */
		31FB1A61248204E5005B2D17 /* Frameworks */ = {
			isa = PBXFrameworksBuildPhase;
			buildActionMask = 2147483647;
			files = (
				31174C8324824872002B1F9E /* CoreServices.framework in Frameworks */,
				31174C8124824835002B1F9E /* libc++.tbd in Frameworks */,
				31FB1D0424824465005B2D17 /* RLottieBinding.framework in Frameworks */,
			);
			runOnlyForDeploymentPostprocessing = 0;
		};
		31FB1A902482346F005B2D17 /* Frameworks */ = {
			isa = PBXFrameworksBuildPhase;
			buildActionMask = 2147483647;
			files = (
			);
			runOnlyForDeploymentPostprocessing = 0;
		};
/* End PBXFrameworksBuildPhase section */

/* Begin PBXGroup section */
		31FB1A5B248204E5005B2D17 = {
			isa = PBXGroup;
			children = (
				31FB1A66248204E5005B2D17 /* KingLoader */,
				31FB1A942482346F005B2D17 /* RLottieBinding */,
				31FB1A65248204E5005B2D17 /* Products */,
				31FB1CEC24823664005B2D17 /* Frameworks */,
			);
			sourceTree = "<group>";
		};
		31FB1A65248204E5005B2D17 /* Products */ = {
			isa = PBXGroup;
			children = (
				31FB1A64248204E5005B2D17 /* KingLoader.app */,
				31FB1A932482346F005B2D17 /* RLottieBinding.framework */,
			);
			name = Products;
			sourceTree = "<group>";
		};
		31FB1A66248204E5005B2D17 /* KingLoader */ = {
			isa = PBXGroup;
			children = (
				31FB1A67248204E5005B2D17 /* AppDelegate.swift */,
				31FB1A69248204E5005B2D17 /* ViewController.swift */,
				31FB1A7E24820B53005B2D17 /* GifDecoder.swift */,
				31FB1A79248204FC005B2D17 /* AnimatedView.swift */,
				31174C8A24825127002B1F9E /* TGSCachedDataSource.swift */,
				319C4E2D24860C18000C8BD1 /* GifDataSource.swift */,
				31FB1A87248233CB005B2D17 /* KingLoader-Bridging-Header.h */,
				31FB1A8024820EB6005B2D17 /* ListViewController.swift */,
				31C81F4D248259EC003C9E33 /* ResourceManager.swift */,
				319C4E2B248601FC000C8BD1 /* Util.swift */,
				31FB1A8624823396005B2D17 /* tgs */,
				31FB1A6B248204E5005B2D17 /* Main.storyboard */,
				31FB1A6E248204E7005B2D17 /* Assets.xcassets */,
				31FB1A70248204E7005B2D17 /* LaunchScreen.storyboard */,
				31FB1A73248204E7005B2D17 /* Info.plist */,
				31FB1A7B248208F4005B2D17 /* Resources */,
			);
			path = KingLoader;
			sourceTree = "<group>";
		};
		31FB1A7B248208F4005B2D17 /* Resources */ = {
			isa = PBXGroup;
			children = (
				31174C8824824C67002B1F9E /* stickers */,
				31FB1A7C24820901005B2D17 /* test.gif */,
			);
			path = Resources;
			sourceTree = "<group>";
		};
		31FB1A8624823396005B2D17 /* tgs */ = {
			isa = PBXGroup;
			children = (
				31FB1A88248233CC005B2D17 /* YUV.h */,
				31FB1A89248233CC005B2D17 /* YUV.m */,
				31FB1A8C248233F4005B2D17 /* GZip.h */,
				31FB1A8B248233F4005B2D17 /* GZip.m */,
				3110BC3524879E5D00049379 /* AnimatedStickerFrame.swift */,
				31FB1CF424823AA5005B2D17 /* ImageUtil.swift */,
				31174C8424824950002B1F9E /* ManagedFile.swift */,
				31174C8524824950002B1F9E /* StickerUtil.swift */,
			);
			path = tgs;
			sourceTree = "<group>";
		};
		31FB1A942482346F005B2D17 /* RLottieBinding */ = {
			isa = PBXGroup;
			children = (
				31FB1AA8248234E3005B2D17 /* rlottie */,
				31FB1A952482346F005B2D17 /* RLottieBinding.h */,
				31FB1A962482346F005B2D17 /* Info.plist */,
				31FB1AA12482349E005B2D17 /* LottieInstance.h */,
				31FB1AA02482349E005B2D17 /* LottieInstance.mm */,
			);
			path = RLottieBinding;
			sourceTree = "<group>";
		};
		31FB1AA8248234E3005B2D17 /* rlottie */ = {
			isa = PBXGroup;
			children = (
				31FB1AB2248234E3005B2D17 /* inc */,
				31FB1B4D248234E3005B2D17 /* src */,
			);
			path = rlottie;
			sourceTree = "<group>";
		};
		31FB1AB2248234E3005B2D17 /* inc */ = {
			isa = PBXGroup;
			children = (
				31FB1AB4248234E3005B2D17 /* rlottiecommon.h */,
				31FB1AB6248234E3005B2D17 /* rlottie.h */,
				31FB1AB7248234E3005B2D17 /* rlottie_capi.h */,
			);
			path = inc;
			sourceTree = "<group>";
		};
		31FB1B4D248234E3005B2D17 /* src */ = {
			isa = PBXGroup;
			children = (
				31FB1B58248234E3005B2D17 /* lottie */,
				31FB1B90248234E3005B2D17 /* vector */,
			);
			path = src;
			sourceTree = "<group>";
		};
		31FB1B58248234E3005B2D17 /* lottie */ = {
			isa = PBXGroup;
			children = (
				31FB1B59248234E3005B2D17 /* lottiemodel.cpp */,
				31FB1B5A248234E3005B2D17 /* lottieitem.cpp */,
				31FB1B5C248234E3005B2D17 /* lottieanimation.cpp */,
				31FB1B5D248234E3005B2D17 /* lottiekeypath.cpp */,
				31FB1B5E248234E3005B2D17 /* lottieparser.h */,
				31FB1B5F248234E3005B2D17 /* lottieparser.cpp */,
				31FB1B60248234E3005B2D17 /* lottieloader.cpp */,
				31FB1B61248234E3005B2D17 /* lottieitem.h */,
				31FB1B62248234E3005B2D17 /* lottiekeypath.h */,
				31FB1B64248234E3005B2D17 /* lottieproxymodel.cpp */,
				31FB1B65248234E3005B2D17 /* rapidjson */,
				31FB1B8D248234E3005B2D17 /* lottieproxymodel.h */,
				31FB1B8E248234E3005B2D17 /* lottiemodel.h */,
				31FB1B8F248234E3005B2D17 /* lottieloader.h */,
			);
			path = lottie;
			sourceTree = "<group>";
		};
		31FB1B65248234E3005B2D17 /* rapidjson */ = {
			isa = PBXGroup;
			children = (
				31FB1B66248234E3005B2D17 /* fwd.h */,
				31FB1B67248234E3005B2D17 /* memorystream.h */,
				31FB1B68248234E3005B2D17 /* reader.h */,
				31FB1B69248234E3005B2D17 /* prettywriter.h */,
				31FB1B6A248234E3005B2D17 /* ostreamwrapper.h */,
				31FB1B6B248234E3005B2D17 /* encodedstream.h */,
				31FB1B6C248234E3005B2D17 /* filereadstream.h */,
				31FB1B6D248234E3005B2D17 /* cursorstreamwrapper.h */,
				31FB1B6E248234E3005B2D17 /* istreamwrapper.h */,
				31FB1B6F248234E3005B2D17 /* stringbuffer.h */,
				31FB1B70248234E3005B2D17 /* internal */,
				31FB1B7D248234E3005B2D17 /* encodings.h */,
				31FB1B7E248234E3005B2D17 /* schema.h */,
				31FB1B7F248234E3005B2D17 /* stream.h */,
				31FB1B80248234E3005B2D17 /* filewritestream.h */,
				31FB1B81248234E3005B2D17 /* rapidjson.h */,
				31FB1B82248234E3005B2D17 /* document.h */,
				31FB1B83248234E3005B2D17 /* allocators.h */,
				31FB1B84248234E3005B2D17 /* writer.h */,
				31FB1B85248234E3005B2D17 /* error */,
				31FB1B88248234E3005B2D17 /* memorybuffer.h */,
				31FB1B89248234E3005B2D17 /* pointer.h */,
			);
			path = rapidjson;
			sourceTree = "<group>";
		};
		31FB1B70248234E3005B2D17 /* internal */ = {
			isa = PBXGroup;
			children = (
				31FB1B71248234E3005B2D17 /* ieee754.h */,
				31FB1B72248234E3005B2D17 /* strtod.h */,
				31FB1B73248234E3005B2D17 /* swap.h */,
				31FB1B74248234E3005B2D17 /* regex.h */,
				31FB1B75248234E3005B2D17 /* diyfp.h */,
				31FB1B76248234E3005B2D17 /* biginteger.h */,
				31FB1B77248234E3005B2D17 /* strfunc.h */,
				31FB1B78248234E3005B2D17 /* itoa.h */,
				31FB1B79248234E3005B2D17 /* stack.h */,
				31FB1B7A248234E3005B2D17 /* dtoa.h */,
				31FB1B7B248234E3005B2D17 /* meta.h */,
				31FB1B7C248234E3005B2D17 /* pow10.h */,
			);
			path = internal;
			sourceTree = "<group>";
		};
		31FB1B85248234E3005B2D17 /* error */ = {
			isa = PBXGroup;
			children = (
				31FB1B86248234E3005B2D17 /* error.h */,
				31FB1B87248234E3005B2D17 /* en.h */,
			);
			path = error;
			sourceTree = "<group>";
		};
		31FB1B90248234E3005B2D17 /* vector */ = {
			isa = PBXGroup;
			children = (
				31FB1B91248234E3005B2D17 /* vdasher.h */,
				31FB1B92248234E3005B2D17 /* vrle.h */,
				31FB1B93248234E3005B2D17 /* velapsedtimer.cpp */,
				31FB1B94248234E3005B2D17 /* vdrawhelper_neon.cpp */,
				31FB1B95248234E3005B2D17 /* velapsedtimer.h */,
				31FB1B97248234E3005B2D17 /* vrect.cpp */,
				31FB1B98248234E3005B2D17 /* vdasher.cpp */,
				31FB1B99248234E3005B2D17 /* vbezier.cpp */,
				31FB1B9A248234E3005B2D17 /* pixman */,
				31FB1BA1248234E3005B2D17 /* vpath.cpp */,
				31FB1BA2248234E3005B2D17 /* config.h */,
				31FB1BA3248234E3005B2D17 /* freetype */,
				31FB1BAD248234E3005B2D17 /* vcompositionfunctions.cpp */,
				31FB1BAE248234E3005B2D17 /* vdrawhelper.h */,
				31FB1BAF248234E3005B2D17 /* vbitmap.cpp */,
				31FB1BB0248234E3005B2D17 /* vdrawable.h */,
				31FB1BB1248234E3005B2D17 /* vbitmap.h */,
				31FB1BB2248234E3005B2D17 /* vpoint.h */,
				31FB1BB3248234E3005B2D17 /* vpathmesure.h */,
				31FB1BB4248234E3005B2D17 /* vdebug.h */,
				31FB1BB5248234E3005B2D17 /* vpath.h */,
				31FB1BB6248234E3005B2D17 /* stb */,
				31FB1BBC248234E3005B2D17 /* vtaskqueue.h */,
				31FB1BBD248234E3005B2D17 /* vline.h */,
				31FB1BBE248234E3005B2D17 /* vdrawable.cpp */,
				31FB1BBF248234E3005B2D17 /* vpathmesure.cpp */,
				31FB1BC0248234E3005B2D17 /* vbrush.h */,
				31FB1BC1248234E3005B2D17 /* vpainter.cpp */,
				31FB1BC2248234E3005B2D17 /* vdebug.cpp */,
				31FB1BC3248234E3005B2D17 /* vimageloader.cpp */,
				31FB1BC4248234E3005B2D17 /* vglobal.h */,
				31FB1BC5248234E3005B2D17 /* vraster.cpp */,
				31FB1BC6248234E3005B2D17 /* vpainter.h */,
				31FB1BC7248234E3005B2D17 /* vmatrix.cpp */,
				31FB1BC8248234E3005B2D17 /* vrect.h */,
				31FB1BC9248234E3005B2D17 /* vinterpolator.h */,
				31FB1BCA248234E3005B2D17 /* vbezier.h */,
				31FB1BCB248234E3005B2D17 /* vdrawhelper_sse2.cpp */,
				31FB1BCC248234E3005B2D17 /* vinterpolator.cpp */,
				31FB1BCD248234E3005B2D17 /* vdrawhelper.cpp */,
				31FB1BCE248234E3005B2D17 /* vstackallocator.h */,
				31FB1BCF248234E3005B2D17 /* vimageloader.h */,
				31FB1BD0248234E3005B2D17 /* vraster.h */,
				31FB1BD1248234E3005B2D17 /* vmatrix.h */,
				31FB1BD2248234E3005B2D17 /* vrle.cpp */,
				31FB1BD3248234E3005B2D17 /* vcowptr.h */,
				31FB1BD4248234E4005B2D17 /* vbrush.cpp */,
			);
			path = vector;
			sourceTree = "<group>";
		};
		31FB1B9A248234E3005B2D17 /* pixman */ = {
			isa = PBXGroup;
			children = (
				31FB1B9C248234E3005B2D17 /* pixman-arm-neon-asm.h */,
				31FB1B9D248234E3005B2D17 /* vregion.h */,
				31FB1BA0248234E3005B2D17 /* vregion.cpp */,
			);
			path = pixman;
			sourceTree = "<group>";
		};
		31FB1BA3248234E3005B2D17 /* freetype */ = {
			isa = PBXGroup;
			children = (
				31FB1BA5248234E3005B2D17 /* v_ft_types.h */,
				31FB1BA6248234E3005B2D17 /* v_ft_raster.cpp */,
				31FB1BA8248234E3005B2D17 /* v_ft_stroker.cpp */,
				31FB1BA9248234E3005B2D17 /* v_ft_math.cpp */,
				31FB1BAA248234E3005B2D17 /* v_ft_stroker.h */,
				31FB1BAB248234E3005B2D17 /* v_ft_math.h */,
				31FB1BAC248234E3005B2D17 /* v_ft_raster.h */,
			);
			path = freetype;
			sourceTree = "<group>";
		};
		31FB1BB6248234E3005B2D17 /* stb */ = {
			isa = PBXGroup;
			children = (
				31FB1BB9248234E3005B2D17 /* stb_image.h */,
				31FB1BBA248234E3005B2D17 /* stb_image.cpp */,
			);
			path = stb;
			sourceTree = "<group>";
		};
		31FB1CEC24823664005B2D17 /* Frameworks */ = {
			isa = PBXGroup;
			children = (
				31174C8224824872002B1F9E /* CoreServices.framework */,
				31FB1CED24823665005B2D17 /* libc++.tbd */,
			);
			name = Frameworks;
			sourceTree = "<group>";
		};
/* End PBXGroup section */

/* Begin PBXHeadersBuildPhase section */
		31FB1A8E2482346F005B2D17 /* Headers */ = {
			isa = PBXHeadersBuildPhase;
			buildActionMask = 2147483647;
			files = (
				31FB1CAE248234E4005B2D17 /* velapsedtimer.h in Headers */,
				31174C80248247ED002B1F9E /* LottieInstance.h in Headers */,
				31FB1CB5248234E4005B2D17 /* vregion.h in Headers */,
				31FB1CA1248234E4005B2D17 /* error.h in Headers */,
				31FB1C95248234E4005B2D17 /* stack.h in Headers */,
				31FB1C89248234E4005B2D17 /* filereadstream.h in Headers */,
				31FB1CBA248234E4005B2D17 /* config.h in Headers */,
				31FB1C80248234E4005B2D17 /* lottiekeypath.h in Headers */,
				31FB1C92248234E4005B2D17 /* biginteger.h in Headers */,
				31FB1C99248234E4005B2D17 /* encodings.h in Headers */,
				31FB1C96248234E4005B2D17 /* dtoa.h in Headers */,
				31FB1CE5248234E4005B2D17 /* vimageloader.h in Headers */,
				31FB1C93248234E4005B2D17 /* strfunc.h in Headers */,
				31FB1C88248234E4005B2D17 /* encodedstream.h in Headers */,
				31FB1CE7248234E4005B2D17 /* vmatrix.h in Headers */,
				31FB1CDE248234E4005B2D17 /* vrect.h in Headers */,
				31FB1C94248234E4005B2D17 /* itoa.h in Headers */,
				31FB1CE9248234E4005B2D17 /* vcowptr.h in Headers */,
				31FB1CDA248234E4005B2D17 /* vglobal.h in Headers */,
				31FB1CC9248234E4005B2D17 /* vpoint.h in Headers */,
				31FB1C9D248234E4005B2D17 /* rapidjson.h in Headers */,
				31FB1CC7248234E4005B2D17 /* vdrawable.h in Headers */,
				31FB1C84248234E4005B2D17 /* memorystream.h in Headers */,
				31FB1CC8248234E4005B2D17 /* vbitmap.h in Headers */,
				31FB1CDC248234E4005B2D17 /* vpainter.h in Headers */,
				31FB1C90248234E4005B2D17 /* regex.h in Headers */,
				31FB1C7C248234E4005B2D17 /* lottieparser.h in Headers */,
				31FB1C9E248234E4005B2D17 /* document.h in Headers */,
				31FB1BDE248234E4005B2D17 /* rlottiecommon.h in Headers */,
				31FB1C9A248234E4005B2D17 /* schema.h in Headers */,
				31FB1CE4248234E4005B2D17 /* vstackallocator.h in Headers */,
				31FB1CC1248234E4005B2D17 /* v_ft_stroker.h in Headers */,
				31FB1C98248234E4005B2D17 /* pow10.h in Headers */,
				31FB1C87248234E4005B2D17 /* ostreamwrapper.h in Headers */,
				31FB1A972482346F005B2D17 /* RLottieBinding.h in Headers */,
				31FB1CA4248234E4005B2D17 /* pointer.h in Headers */,
				31FB1C9F248234E4005B2D17 /* allocators.h in Headers */,
				31FB1CAA248234E4005B2D17 /* vdasher.h in Headers */,
				31FB1CD6248234E4005B2D17 /* vbrush.h in Headers */,
				31FB1CC2248234E4005B2D17 /* v_ft_math.h in Headers */,
				31FB1CC3248234E4005B2D17 /* v_ft_raster.h in Headers */,
				31FB1CD2248234E4005B2D17 /* vtaskqueue.h in Headers */,
				31FB1C8F248234E4005B2D17 /* swap.h in Headers */,
				31FB1CA0248234E4005B2D17 /* writer.h in Headers */,
				31FB1C83248234E4005B2D17 /* fwd.h in Headers */,
				31FB1C8C248234E4005B2D17 /* stringbuffer.h in Headers */,
				31FB1C85248234E4005B2D17 /* reader.h in Headers */,
				31FB1C86248234E4005B2D17 /* prettywriter.h in Headers */,
				31FB1CAB248234E4005B2D17 /* vrle.h in Headers */,
				31FB1CA7248234E4005B2D17 /* lottieproxymodel.h in Headers */,
				31FB1C8E248234E4005B2D17 /* strtod.h in Headers */,
				31FB1C9B248234E4005B2D17 /* stream.h in Headers */,
				31FB1C97248234E4005B2D17 /* meta.h in Headers */,
				31FB1C8A248234E4005B2D17 /* cursorstreamwrapper.h in Headers */,
				31FB1CE0248234E4005B2D17 /* vbezier.h in Headers */,
				31FB1C7F248234E4005B2D17 /* lottieitem.h in Headers */,
				31FB1CC5248234E4005B2D17 /* vdrawhelper.h in Headers */,
				31FB1C9C248234E4005B2D17 /* filewritestream.h in Headers */,
				31FB1C8D248234E4005B2D17 /* ieee754.h in Headers */,
				31FB1CA3248234E4005B2D17 /* memorybuffer.h in Headers */,
				31FB1CA9248234E4005B2D17 /* lottieloader.h in Headers */,
				31FB1CBC248234E4005B2D17 /* v_ft_types.h in Headers */,
				31FB1CCA248234E4005B2D17 /* vpathmesure.h in Headers */,
				31FB1C91248234E4005B2D17 /* diyfp.h in Headers */,
				31FB1CD3248234E4005B2D17 /* vline.h in Headers */,
				31FB1CB4248234E4005B2D17 /* pixman-arm-neon-asm.h in Headers */,
				31FB1CCF248234E4005B2D17 /* stb_image.h in Headers */,
				31FB1CDF248234E4005B2D17 /* vinterpolator.h in Headers */,
				31FB1CE6248234E4005B2D17 /* vraster.h in Headers */,
				31FB1BE1248234E4005B2D17 /* rlottie_capi.h in Headers */,
				31FB1CCC248234E4005B2D17 /* vpath.h in Headers */,
				31FB1BE0248234E4005B2D17 /* rlottie.h in Headers */,
				31FB1CA8248234E4005B2D17 /* lottiemodel.h in Headers */,
				31FB1C8B248234E4005B2D17 /* istreamwrapper.h in Headers */,
				31FB1CA2248234E4005B2D17 /* en.h in Headers */,
				31FB1CCB248234E4005B2D17 /* vdebug.h in Headers */,
			);
			runOnlyForDeploymentPostprocessing = 0;
		};
/* End PBXHeadersBuildPhase section */

/* Begin PBXNativeTarget section */
		31FB1A63248204E5005B2D17 /* KingLoader */ = {
			isa = PBXNativeTarget;
			buildConfigurationList = 31FB1A76248204E7005B2D17 /* Build configuration list for PBXNativeTarget "KingLoader" */;
			buildPhases = (
				31FB1A60248204E5005B2D17 /* Sources */,
				31FB1A61248204E5005B2D17 /* Frameworks */,
				31FB1A62248204E5005B2D17 /* Resources */,
				31FB1D0624824465005B2D17 /* Embed Frameworks */,
			);
			buildRules = (
			);
			dependencies = (
			);
			name = KingLoader;
			productName = KingLoader;
			productReference = 31FB1A64248204E5005B2D17 /* KingLoader.app */;
			productType = "com.apple.product-type.application";
		};
		31FB1A922482346F005B2D17 /* RLottieBinding */ = {
			isa = PBXNativeTarget;
			buildConfigurationList = 31FB1A9C2482346F005B2D17 /* Build configuration list for PBXNativeTarget "RLottieBinding" */;
			buildPhases = (
				31FB1A8E2482346F005B2D17 /* Headers */,
				31FB1A8F2482346F005B2D17 /* Sources */,
				31FB1A902482346F005B2D17 /* Frameworks */,
				31FB1A912482346F005B2D17 /* Resources */,
			);
			buildRules = (
			);
			dependencies = (
			);
			name = RLottieBinding;
			productName = RLottieBinding;
			productReference = 31FB1A932482346F005B2D17 /* RLottieBinding.framework */;
			productType = "com.apple.product-type.framework";
		};
/* End PBXNativeTarget section */

/* Begin PBXProject section */
		31FB1A5C248204E5005B2D17 /* Project object */ = {
			isa = PBXProject;
			attributes = {
				LastSwiftUpdateCheck = 1020;
				LastUpgradeCheck = 1020;
				ORGANIZATIONNAME = "Purkylin King";
				TargetAttributes = {
					31FB1A63248204E5005B2D17 = {
						CreatedOnToolsVersion = 10.2.1;
						LastSwiftMigration = 1020;
					};
					31FB1A922482346F005B2D17 = {
						CreatedOnToolsVersion = 10.2.1;
					};
				};
			};
			buildConfigurationList = 31FB1A5F248204E5005B2D17 /* Build configuration list for PBXProject "KingLoader" */;
			compatibilityVersion = "Xcode 9.3";
			developmentRegion = en;
			hasScannedForEncodings = 0;
			knownRegions = (
				en,
				Base,
			);
			mainGroup = 31FB1A5B248204E5005B2D17;
			productRefGroup = 31FB1A65248204E5005B2D17 /* Products */;
			projectDirPath = "";
			projectRoot = "";
			targets = (
				31FB1A63248204E5005B2D17 /* KingLoader */,
				31FB1A922482346F005B2D17 /* RLottieBinding */,
			);
		};
/* End PBXProject section */

/* Begin PBXResourcesBuildPhase section */
		31FB1A62248204E5005B2D17 /* Resources */ = {
			isa = PBXResourcesBuildPhase;
			buildActionMask = 2147483647;
			files = (
				31FB1A7D24820901005B2D17 /* test.gif in Resources */,
				31FB1A72248204E7005B2D17 /* LaunchScreen.storyboard in Resources */,
				31FB1A6F248204E7005B2D17 /* Assets.xcassets in Resources */,
				31FB1A6D248204E5005B2D17 /* Main.storyboard in Resources */,
				31174C8924824C67002B1F9E /* stickers in Resources */,
			);
			runOnlyForDeploymentPostprocessing = 0;
		};
		31FB1A912482346F005B2D17 /* Resources */ = {
			isa = PBXResourcesBuildPhase;
			buildActionMask = 2147483647;
			files = (
			);
			runOnlyForDeploymentPostprocessing = 0;
		};
/* End PBXResourcesBuildPhase section */

/* Begin PBXSourcesBuildPhase section */
		31FB1A60248204E5005B2D17 /* Sources */ = {
			isa = PBXSourcesBuildPhase;
			buildActionMask = 2147483647;
			files = (
				31FB1A8A248233CC005B2D17 /* YUV.m in Sources */,
				319C4E2E24860C18000C8BD1 /* GifDataSource.swift in Sources */,
				31FB1A6A248204E5005B2D17 /* ViewController.swift in Sources */,
				31FB1A7A248204FD005B2D17 /* AnimatedView.swift in Sources */,
				31FB1A8D248233F4005B2D17 /* GZip.m in Sources */,
				31FB1CF924823AA5005B2D17 /* ImageUtil.swift in Sources */,
				31FB1A68248204E5005B2D17 /* AppDelegate.swift in Sources */,
				31174C8624824950002B1F9E /* ManagedFile.swift in Sources */,
				3110BC3624879E5D00049379 /* AnimatedStickerFrame.swift in Sources */,
				31174C8B24825127002B1F9E /* TGSCachedDataSource.swift in Sources */,
				31FB1A8124820EB6005B2D17 /* ListViewController.swift in Sources */,
				31C81F4E248259EC003C9E33 /* ResourceManager.swift in Sources */,
				319C4E2C248601FC000C8BD1 /* Util.swift in Sources */,
				31174C8724824950002B1F9E /* StickerUtil.swift in Sources */,
				31FB1A7F24820B53005B2D17 /* GifDecoder.swift in Sources */,
			);
			runOnlyForDeploymentPostprocessing = 0;
		};
		31FB1A8F2482346F005B2D17 /* Sources */ = {
			isa = PBXSourcesBuildPhase;
			buildActionMask = 2147483647;
			files = (
				31FB1CAD248234E4005B2D17 /* vdrawhelper_neon.cpp in Sources */,
				31FB1C7B248234E4005B2D17 /* lottiekeypath.cpp in Sources */,
				31FB1C77248234E4005B2D17 /* lottiemodel.cpp in Sources */,
				31FB1CC6248234E4005B2D17 /* vbitmap.cpp in Sources */,
				31FB1CDD248234E4005B2D17 /* vmatrix.cpp in Sources */,
				31FB1CD9248234E4005B2D17 /* vimageloader.cpp in Sources */,
				31FB1CBF248234E4005B2D17 /* v_ft_stroker.cpp in Sources */,
				31FB1CAC248234E4005B2D17 /* velapsedtimer.cpp in Sources */,
				31FB1CC0248234E4005B2D17 /* v_ft_math.cpp in Sources */,
				31FB1CBD248234E4005B2D17 /* v_ft_raster.cpp in Sources */,
				31FB1CE8248234E4005B2D17 /* vrle.cpp in Sources */,
				31FB1CC4248234E4005B2D17 /* vcompositionfunctions.cpp in Sources */,
				31FB1C7D248234E4005B2D17 /* lottieparser.cpp in Sources */,
				31FB1CD0248234E4005B2D17 /* stb_image.cpp in Sources */,
				31FB1CEA248234E4005B2D17 /* vbrush.cpp in Sources */,
				31FB1CD4248234E4005B2D17 /* vdrawable.cpp in Sources */,
				31FB1CB1248234E4005B2D17 /* vdasher.cpp in Sources */,
				31FB1C7E248234E4005B2D17 /* lottieloader.cpp in Sources */,
				31FB1C82248234E4005B2D17 /* lottieproxymodel.cpp in Sources */,
				31FB1CD8248234E4005B2D17 /* vdebug.cpp in Sources */,
				31FB1CB8248234E4005B2D17 /* vregion.cpp in Sources */,
				31FB1CB0248234E4005B2D17 /* vrect.cpp in Sources */,
				31FB1CDB248234E4005B2D17 /* vraster.cpp in Sources */,
				31FB1C7A248234E4005B2D17 /* lottieanimation.cpp in Sources */,
				31FB1CB2248234E4005B2D17 /* vbezier.cpp in Sources */,
				31FB1CE2248234E4005B2D17 /* vinterpolator.cpp in Sources */,
				31FB1CE1248234E4005B2D17 /* vdrawhelper_sse2.cpp in Sources */,
				31FB1CE3248234E4005B2D17 /* vdrawhelper.cpp in Sources */,
				31FB1CD7248234E4005B2D17 /* vpainter.cpp in Sources */,
				31FB1AA32482349E005B2D17 /* LottieInstance.mm in Sources */,
				31FB1CD5248234E4005B2D17 /* vpathmesure.cpp in Sources */,
				31FB1CB9248234E4005B2D17 /* vpath.cpp in Sources */,
				31FB1C78248234E4005B2D17 /* lottieitem.cpp in Sources */,
			);
			runOnlyForDeploymentPostprocessing = 0;
		};
/* End PBXSourcesBuildPhase section */

/* Begin PBXVariantGroup section */
		31FB1A6B248204E5005B2D17 /* Main.storyboard */ = {
			isa = PBXVariantGroup;
			children = (
				31FB1A6C248204E5005B2D17 /* Base */,
			);
			name = Main.storyboard;
			sourceTree = "<group>";
		};
		31FB1A70248204E7005B2D17 /* LaunchScreen.storyboard */ = {
			isa = PBXVariantGroup;
			children = (
				31FB1A71248204E7005B2D17 /* Base */,
			);
			name = LaunchScreen.storyboard;
			sourceTree = "<group>";
		};
/* End PBXVariantGroup section */

/* Begin XCBuildConfiguration section */
		31FB1A74248204E7005B2D17 /* Debug */ = {
			isa = XCBuildConfiguration;
			buildSettings = {
				ALWAYS_SEARCH_USER_PATHS = NO;
				CLANG_ANALYZER_NONNULL = YES;
				CLANG_ANALYZER_NUMBER_OBJECT_CONVERSION = YES_AGGRESSIVE;
				CLANG_CXX_LANGUAGE_STANDARD = "gnu++14";
				CLANG_CXX_LIBRARY = "libc++";
				CLANG_ENABLE_MODULES = YES;
				CLANG_ENABLE_OBJC_ARC = YES;
				CLANG_ENABLE_OBJC_WEAK = YES;
				CLANG_WARN_BLOCK_CAPTURE_AUTORELEASING = YES;
				CLANG_WARN_BOOL_CONVERSION = YES;
				CLANG_WARN_COMMA = YES;
				CLANG_WARN_CONSTANT_CONVERSION = YES;
				CLANG_WARN_DEPRECATED_OBJC_IMPLEMENTATIONS = YES;
				CLANG_WARN_DIRECT_OBJC_ISA_USAGE = YES_ERROR;
				CLANG_WARN_DOCUMENTATION_COMMENTS = YES;
				CLANG_WARN_EMPTY_BODY = YES;
				CLANG_WARN_ENUM_CONVERSION = YES;
				CLANG_WARN_INFINITE_RECURSION = YES;
				CLANG_WARN_INT_CONVERSION = YES;
				CLANG_WARN_NON_LITERAL_NULL_CONVERSION = YES;
				CLANG_WARN_OBJC_IMPLICIT_RETAIN_SELF = YES;
				CLANG_WARN_OBJC_LITERAL_CONVERSION = YES;
				CLANG_WARN_OBJC_ROOT_CLASS = YES_ERROR;
				CLANG_WARN_RANGE_LOOP_ANALYSIS = YES;
				CLANG_WARN_STRICT_PROTOTYPES = YES;
				CLANG_WARN_SUSPICIOUS_MOVE = YES;
				CLANG_WARN_UNGUARDED_AVAILABILITY = YES_AGGRESSIVE;
				CLANG_WARN_UNREACHABLE_CODE = YES;
				CLANG_WARN__DUPLICATE_METHOD_MATCH = YES;
				CODE_SIGN_IDENTITY = "iPhone Developer";
				COPY_PHASE_STRIP = NO;
				DEBUG_INFORMATION_FORMAT = dwarf;
				ENABLE_STRICT_OBJC_MSGSEND = YES;
				ENABLE_TESTABILITY = YES;
				GCC_C_LANGUAGE_STANDARD = gnu11;
				GCC_DYNAMIC_NO_PIC = NO;
				GCC_NO_COMMON_BLOCKS = YES;
				GCC_OPTIMIZATION_LEVEL = 0;
				GCC_PREPROCESSOR_DEFINITIONS = (
					"DEBUG=1",
					"$(inherited)",
				);
				GCC_WARN_64_TO_32_BIT_CONVERSION = YES;
				GCC_WARN_ABOUT_RETURN_TYPE = YES_ERROR;
				GCC_WARN_UNDECLARED_SELECTOR = YES;
				GCC_WARN_UNINITIALIZED_AUTOS = YES_AGGRESSIVE;
				GCC_WARN_UNUSED_FUNCTION = YES;
				GCC_WARN_UNUSED_VARIABLE = YES;
				IPHONEOS_DEPLOYMENT_TARGET = 12.2;
				MTL_ENABLE_DEBUG_INFO = INCLUDE_SOURCE;
				MTL_FAST_MATH = YES;
				ONLY_ACTIVE_ARCH = YES;
				SDKROOT = iphoneos;
				SWIFT_ACTIVE_COMPILATION_CONDITIONS = DEBUG;
				SWIFT_OPTIMIZATION_LEVEL = "-Onone";
			};
			name = Debug;
		};
		31FB1A75248204E7005B2D17 /* Release */ = {
			isa = XCBuildConfiguration;
			buildSettings = {
				ALWAYS_SEARCH_USER_PATHS = NO;
				CLANG_ANALYZER_NONNULL = YES;
				CLANG_ANALYZER_NUMBER_OBJECT_CONVERSION = YES_AGGRESSIVE;
				CLANG_CXX_LANGUAGE_STANDARD = "gnu++14";
				CLANG_CXX_LIBRARY = "libc++";
				CLANG_ENABLE_MODULES = YES;
				CLANG_ENABLE_OBJC_ARC = YES;
				CLANG_ENABLE_OBJC_WEAK = YES;
				CLANG_WARN_BLOCK_CAPTURE_AUTORELEASING = YES;
				CLANG_WARN_BOOL_CONVERSION = YES;
				CLANG_WARN_COMMA = YES;
				CLANG_WARN_CONSTANT_CONVERSION = YES;
				CLANG_WARN_DEPRECATED_OBJC_IMPLEMENTATIONS = YES;
				CLANG_WARN_DIRECT_OBJC_ISA_USAGE = YES_ERROR;
				CLANG_WARN_DOCUMENTATION_COMMENTS = YES;
				CLANG_WARN_EMPTY_BODY = YES;
				CLANG_WARN_ENUM_CONVERSION = YES;
				CLANG_WARN_INFINITE_RECURSION = YES;
				CLANG_WARN_INT_CONVERSION = YES;
				CLANG_WARN_NON_LITERAL_NULL_CONVERSION = YES;
				CLANG_WARN_OBJC_IMPLICIT_RETAIN_SELF = YES;
				CLANG_WARN_OBJC_LITERAL_CONVERSION = YES;
				CLANG_WARN_OBJC_ROOT_CLASS = YES_ERROR;
				CLANG_WARN_RANGE_LOOP_ANALYSIS = YES;
				CLANG_WARN_STRICT_PROTOTYPES = YES;
				CLANG_WARN_SUSPICIOUS_MOVE = YES;
				CLANG_WARN_UNGUARDED_AVAILABILITY = YES_AGGRESSIVE;
				CLANG_WARN_UNREACHABLE_CODE = YES;
				CLANG_WARN__DUPLICATE_METHOD_MATCH = YES;
				CODE_SIGN_IDENTITY = "iPhone Developer";
				COPY_PHASE_STRIP = NO;
				DEBUG_INFORMATION_FORMAT = "dwarf-with-dsym";
				ENABLE_NS_ASSERTIONS = NO;
				ENABLE_STRICT_OBJC_MSGSEND = YES;
				GCC_C_LANGUAGE_STANDARD = gnu11;
				GCC_NO_COMMON_BLOCKS = YES;
				GCC_WARN_64_TO_32_BIT_CONVERSION = YES;
				GCC_WARN_ABOUT_RETURN_TYPE = YES_ERROR;
				GCC_WARN_UNDECLARED_SELECTOR = YES;
				GCC_WARN_UNINITIALIZED_AUTOS = YES_AGGRESSIVE;
				GCC_WARN_UNUSED_FUNCTION = YES;
				GCC_WARN_UNUSED_VARIABLE = YES;
				IPHONEOS_DEPLOYMENT_TARGET = 12.2;
				MTL_ENABLE_DEBUG_INFO = NO;
				MTL_FAST_MATH = YES;
				SDKROOT = iphoneos;
				SWIFT_COMPILATION_MODE = wholemodule;
				SWIFT_OPTIMIZATION_LEVEL = "-O";
				VALIDATE_PRODUCT = YES;
			};
			name = Release;
		};
		31FB1A77248204E7005B2D17 /* Debug */ = {
			isa = XCBuildConfiguration;
			buildSettings = {
				ASSETCATALOG_COMPILER_APPICON_NAME = AppIcon;
				CLANG_ENABLE_MODULES = YES;
				CODE_SIGN_STYLE = Automatic;
				DEVELOPMENT_TEAM = UJS236S7YF;
				FRAMEWORK_SEARCH_PATHS = (
					"$(BUILD_DIR)/Products/$(CONFIGURATION)$(EFFECTIVE_PLATFORM_NAME)",
					"/Users/purkylin/Library/Developer/Xcode/DerivedData/KingLoader-dxbqhxrvrvgnumfnkloguvxsqosk/Build/Products/Debug-iphonesimulator/RLottieBinding.framework",
				);
				INFOPLIST_FILE = KingLoader/Info.plist;
				IPHONEOS_DEPLOYMENT_TARGET = 10.0;
				LD_RUNPATH_SEARCH_PATHS = (
					"$(inherited)",
					"@executable_path/Frameworks",
				);
				PRODUCT_BUNDLE_IDENTIFIER = com.purkylin.KingLoader;
				PRODUCT_NAME = "$(TARGET_NAME)";
				SWIFT_OBJC_BRIDGING_HEADER = "KingLoader/KingLoader-Bridging-Header.h";
				SWIFT_OPTIMIZATION_LEVEL = "-Onone";
				SWIFT_VERSION = 5.0;
				TARGETED_DEVICE_FAMILY = "1,2";
			};
			name = Debug;
		};
		31FB1A78248204E7005B2D17 /* Release */ = {
			isa = XCBuildConfiguration;
			buildSettings = {
				ASSETCATALOG_COMPILER_APPICON_NAME = AppIcon;
				CLANG_ENABLE_MODULES = YES;
				CODE_SIGN_STYLE = Automatic;
				DEVELOPMENT_TEAM = UJS236S7YF;
				FRAMEWORK_SEARCH_PATHS = (
					"$(BUILD_DIR)/Products/$(CONFIGURATION)$(EFFECTIVE_PLATFORM_NAME)",
					"/Users/purkylin/Library/Developer/Xcode/DerivedData/KingLoader-dxbqhxrvrvgnumfnkloguvxsqosk/Build/Products/Debug-iphonesimulator/RLottieBinding.framework",
				);
				INFOPLIST_FILE = KingLoader/Info.plist;
				IPHONEOS_DEPLOYMENT_TARGET = 10.0;
				LD_RUNPATH_SEARCH_PATHS = (
					"$(inherited)",
					"@executable_path/Frameworks",
				);
				PRODUCT_BUNDLE_IDENTIFIER = com.purkylin.KingLoader;
				PRODUCT_NAME = "$(TARGET_NAME)";
				SWIFT_OBJC_BRIDGING_HEADER = "KingLoader/KingLoader-Bridging-Header.h";
				SWIFT_VERSION = 5.0;
				TARGETED_DEVICE_FAMILY = "1,2";
			};
			name = Release;
		};
		31FB1A9D2482346F005B2D17 /* Debug */ = {
			isa = XCBuildConfiguration;
			buildSettings = {
				CODE_SIGN_IDENTITY = "";
				CODE_SIGN_STYLE = Automatic;
				CURRENT_PROJECT_VERSION = 1;
				DEFINES_MODULE = YES;
				DEVELOPMENT_TEAM = UJS236S7YF;
				DYLIB_COMPATIBILITY_VERSION = 1;
				DYLIB_CURRENT_VERSION = 1;
				DYLIB_INSTALL_NAME_BASE = "@rpath";
				FRAMEWORK_SEARCH_PATHS = "";
				INFOPLIST_FILE = RLottieBinding/Info.plist;
				INSTALL_PATH = "$(LOCAL_LIBRARY_DIR)/Frameworks";
				IPHONEOS_DEPLOYMENT_TARGET = 10.0;
				LD_RUNPATH_SEARCH_PATHS = (
					"$(inherited)",
					"@executable_path/Frameworks",
					"@loader_path/Frameworks",
				);
				MACH_O_TYPE = staticlib;
				OTHER_CFLAGS = (
					"-DLOTTIE_DISABLE_ARM_NEON=1",
					"-Dpixman_region_selfcheck(x)=1",
				);
				PRODUCT_BUNDLE_IDENTIFIER = com.purkylin.RLottieBinding;
				PRODUCT_NAME = "$(TARGET_NAME:c99extidentifier)";
				SKIP_INSTALL = YES;
				SWIFT_VERSION = 5.0;
				TARGETED_DEVICE_FAMILY = "1,2";
				VERSIONING_SYSTEM = "apple-generic";
				VERSION_INFO_PREFIX = "";
			};
			name = Debug;
		};
		31FB1A9E2482346F005B2D17 /* Release */ = {
			isa = XCBuildConfiguration;
			buildSettings = {
				CODE_SIGN_IDENTITY = "";
				CODE_SIGN_STYLE = Automatic;
				CURRENT_PROJECT_VERSION = 1;
				DEFINES_MODULE = YES;
				DEVELOPMENT_TEAM = UJS236S7YF;
				DYLIB_COMPATIBILITY_VERSION = 1;
				DYLIB_CURRENT_VERSION = 1;
				DYLIB_INSTALL_NAME_BASE = "@rpath";
				FRAMEWORK_SEARCH_PATHS = "";
				INFOPLIST_FILE = RLottieBinding/Info.plist;
				INSTALL_PATH = "$(LOCAL_LIBRARY_DIR)/Frameworks";
				IPHONEOS_DEPLOYMENT_TARGET = 10.0;
				LD_RUNPATH_SEARCH_PATHS = (
					"$(inherited)",
					"@executable_path/Frameworks",
					"@loader_path/Frameworks",
				);
				MACH_O_TYPE = staticlib;
				OTHER_CFLAGS = (
					"-DLOTTIE_DISABLE_ARM_NEON=1",
					"-Dpixman_region_selfcheck(x)=1",
				);
				PRODUCT_BUNDLE_IDENTIFIER = com.purkylin.RLottieBinding;
				PRODUCT_NAME = "$(TARGET_NAME:c99extidentifier)";
				SKIP_INSTALL = YES;
				SWIFT_VERSION = 5.0;
				TARGETED_DEVICE_FAMILY = "1,2";
				VERSIONING_SYSTEM = "apple-generic";
				VERSION_INFO_PREFIX = "";
			};
			name = Release;
		};
/* End XCBuildConfiguration section */

/* Begin XCConfigurationList section */
		31FB1A5F248204E5005B2D17 /* Build configuration list for PBXProject "KingLoader" */ = {
			isa = XCConfigurationList;
			buildConfigurations = (
				31FB1A74248204E7005B2D17 /* Debug */,
				31FB1A75248204E7005B2D17 /* Release */,
			);
			defaultConfigurationIsVisible = 0;
			defaultConfigurationName = Release;
		};
		31FB1A76248204E7005B2D17 /* Build configuration list for PBXNativeTarget "KingLoader" */ = {
			isa = XCConfigurationList;
			buildConfigurations = (
				31FB1A77248204E7005B2D17 /* Debug */,
				31FB1A78248204E7005B2D17 /* Release */,
			);
			defaultConfigurationIsVisible = 0;
			defaultConfigurationName = Release;
		};
		31FB1A9C2482346F005B2D17 /* Build configuration list for PBXNativeTarget "RLottieBinding" */ = {
			isa = XCConfigurationList;
			buildConfigurations = (
				31FB1A9D2482346F005B2D17 /* Debug */,
				31FB1A9E2482346F005B2D17 /* Release */,
			);
			defaultConfigurationIsVisible = 0;
			defaultConfigurationName = Release;
		};
/* End XCConfigurationList section */
	};
	rootObject = 31FB1A5C248204E5005B2D17 /* Project object */;
}
